// !$*UTF8*$!
{
	archiveVersion = 1;
	classes = {
	};
	objectVersion = 50;
	objects = {

/* Begin PBXBuildFile section */
		AA4DB62823E3BBC80057100A /* AppDelegate.m in Sources */ = {isa = PBXBuildFile; fileRef = AA4DB62723E3BBC80057100A /* AppDelegate.m */; };
		AA4DB62B23E3BBC80057100A /* SceneDelegate.m in Sources */ = {isa = PBXBuildFile; fileRef = AA4DB62A23E3BBC80057100A /* SceneDelegate.m */; };
		AA4DB62E23E3BBC80057100A /* ViewController.m in Sources */ = {isa = PBXBuildFile; fileRef = AA4DB62D23E3BBC80057100A /* ViewController.m */; };
		AA4DB63123E3BBC80057100A /* Main.storyboard in Resources */ = {isa = PBXBuildFile; fileRef = AA4DB62F23E3BBC80057100A /* Main.storyboard */; };
		AA4DB63323E3BBCA0057100A /* Assets.xcassets in Resources */ = {isa = PBXBuildFile; fileRef = AA4DB63223E3BBCA0057100A /* Assets.xcassets */; };
		AA4DB63623E3BBCA0057100A /* LaunchScreen.storyboard in Resources */ = {isa = PBXBuildFile; fileRef = AA4DB63423E3BBCA0057100A /* LaunchScreen.storyboard */; };
		AA4DB63923E3BBCA0057100A /* main.m in Sources */ = {isa = PBXBuildFile; fileRef = AA4DB63823E3BBCA0057100A /* main.m */; };
		AA4DB64323E3BBCA0057100A /* emoji_eggplant_challengeTests.m in Sources */ = {isa = PBXBuildFile; fileRef = AA4DB64223E3BBCA0057100A /* emoji_eggplant_challengeTests.m */; };
		AA4DB64E23E3BBCB0057100A /* emoji_eggplant_challengeUITests.m in Sources */ = {isa = PBXBuildFile; fileRef = AA4DB64D23E3BBCB0057100A /* emoji_eggplant_challengeUITests.m */; };
		AA4DB65E23E3DBCA0057100A /* CocktailsTableViewCell.m in Sources */ = {isa = PBXBuildFile; fileRef = AA4DB65D23E3DBCA0057100A /* CocktailsTableViewCell.m */; };
		AA4DB66923E652760057100A /* DataService.m in Sources */ = {isa = PBXBuildFile; fileRef = AA4DB66823E652760057100A /* DataService.m */; };
		AA4DB66C23E66A410057100A /* Cocktail.m in Sources */ = {isa = PBXBuildFile; fileRef = AA4DB66B23E66A410057100A /* Cocktail.m */; };
		AA58BDE523E7710900624897 /* SDImageHEICCoder.m in Sources */ = {isa = PBXBuildFile; fileRef = AA58BD5823E7710900624897 /* SDImageHEICCoder.m */; };
		AA58BDE623E7710900624897 /* NSImage+Compatibility.m in Sources */ = {isa = PBXBuildFile; fileRef = AA58BD5A23E7710900624897 /* NSImage+Compatibility.m */; };
		AA58BDE723E7710900624897 /* SDAnimatedImageView+WebCache.m in Sources */ = {isa = PBXBuildFile; fileRef = AA58BD5C23E7710900624897 /* SDAnimatedImageView+WebCache.m */; };
		AA58BDE823E7710900624897 /* SDImageCoder.m in Sources */ = {isa = PBXBuildFile; fileRef = AA58BD5E23E7710900624897 /* SDImageCoder.m */; };
		AA58BDE923E7710900624897 /* SDWebImageDownloaderDecryptor.m in Sources */ = {isa = PBXBuildFile; fileRef = AA58BD6323E7710900624897 /* SDWebImageDownloaderDecryptor.m */; };
		AA58BDEA23E7710900624897 /* SDWebImageManager.m in Sources */ = {isa = PBXBuildFile; fileRef = AA58BD6723E7710900624897 /* SDWebImageManager.m */; };
		AA58BDEB23E7710900624897 /* SDImageIOAnimatedCoder.m in Sources */ = {isa = PBXBuildFile; fileRef = AA58BD6923E7710900624897 /* SDImageIOAnimatedCoder.m */; };
		AA58BDEC23E7710900624897 /* UIImageView+HighlightedWebCache.m in Sources */ = {isa = PBXBuildFile; fileRef = AA58BD6B23E7710900624897 /* UIImageView+HighlightedWebCache.m */; };
		AA58BDED23E7710900624897 /* SDAnimatedImage.m in Sources */ = {isa = PBXBuildFile; fileRef = AA58BD7023E7710900624897 /* SDAnimatedImage.m */; };
		AA58BDEE23E7710900624897 /* SDAnimatedImageView.m in Sources */ = {isa = PBXBuildFile; fileRef = AA58BD7123E7710900624897 /* SDAnimatedImageView.m */; };
		AA58BDEF23E7710900624897 /* UIImage+ForceDecode.m in Sources */ = {isa = PBXBuildFile; fileRef = AA58BD7223E7710900624897 /* UIImage+ForceDecode.m */; };
		AA58BDF023E7710900624897 /* SDAnimatedImagePlayer.m in Sources */ = {isa = PBXBuildFile; fileRef = AA58BD7523E7710900624897 /* SDAnimatedImagePlayer.m */; };
		AA58BDF123E7710900624897 /* UIImage+Transform.m in Sources */ = {isa = PBXBuildFile; fileRef = AA58BD7623E7710900624897 /* UIImage+Transform.m */; };
		AA58BDF223E7710900624897 /* SDWebImageDownloader.m in Sources */ = {isa = PBXBuildFile; fileRef = AA58BD7823E7710900624897 /* SDWebImageDownloader.m */; };
		AA58BDF323E7710900624897 /* SDImageLoader.m in Sources */ = {isa = PBXBuildFile; fileRef = AA58BD7A23E7710900624897 /* SDImageLoader.m */; };
		AA58BDF423E7710900624897 /* SDWebImageCacheSerializer.m in Sources */ = {isa = PBXBuildFile; fileRef = AA58BD7B23E7710900624897 /* SDWebImageCacheSerializer.m */; };
		AA58BDF523E7710900624897 /* SDWebImageIndicator.m in Sources */ = {isa = PBXBuildFile; fileRef = AA58BD7C23E7710900624897 /* SDWebImageIndicator.m */; };
		AA58BDF623E7710900624897 /* SDGraphicsImageRenderer.m in Sources */ = {isa = PBXBuildFile; fileRef = AA58BD7D23E7710900624897 /* SDGraphicsImageRenderer.m */; };
		AA58BDF723E7710900624897 /* UIImage+GIF.m in Sources */ = {isa = PBXBuildFile; fileRef = AA58BD7E23E7710900624897 /* UIImage+GIF.m */; };
		AA58BDF823E7710900624897 /* SDImageCodersManager.m in Sources */ = {isa = PBXBuildFile; fileRef = AA58BD7F23E7710900624897 /* SDImageCodersManager.m */; };
		AA58BDF923E7710900624897 /* UIImage+MultiFormat.m in Sources */ = {isa = PBXBuildFile; fileRef = AA58BD8223E7710900624897 /* UIImage+MultiFormat.m */; };
		AA58BDFA23E7710900624897 /* SDMemoryCache.m in Sources */ = {isa = PBXBuildFile; fileRef = AA58BD8323E7710900624897 /* SDMemoryCache.m */; };
		AA58BDFB23E7710900624897 /* SDWebImageCompat.m in Sources */ = {isa = PBXBuildFile; fileRef = AA58BD8523E7710900624897 /* SDWebImageCompat.m */; };
		AA58BDFC23E7710900624897 /* SDImageAPNGCoder.m in Sources */ = {isa = PBXBuildFile; fileRef = AA58BD8623E7710900624897 /* SDImageAPNGCoder.m */; };
		AA58BDFD23E7710900624897 /* SDWebImageDownloaderResponseModifier.m in Sources */ = {isa = PBXBuildFile; fileRef = AA58BD8723E7710900624897 /* SDWebImageDownloaderResponseModifier.m */; };
		AA58BDFE23E7710900624897 /* SDWebImageError.m in Sources */ = {isa = PBXBuildFile; fileRef = AA58BD8823E7710900624897 /* SDWebImageError.m */; };
		AA58BDFF23E7710900624897 /* SDWebImagePrefetcher.m in Sources */ = {isa = PBXBuildFile; fileRef = AA58BD8923E7710900624897 /* SDWebImagePrefetcher.m */; };
		AA58BE0023E7710900624897 /* SDImageCoderHelper.m in Sources */ = {isa = PBXBuildFile; fileRef = AA58BD8A23E7710900624897 /* SDImageCoderHelper.m */; };
		AA58BE0123E7710900624897 /* NSButton+WebCache.m in Sources */ = {isa = PBXBuildFile; fileRef = AA58BD8F23E7710900624897 /* NSButton+WebCache.m */; };
		AA58BE0223E7710900624897 /* SDImageIOCoder.m in Sources */ = {isa = PBXBuildFile; fileRef = AA58BD9123E7710900624897 /* SDImageIOCoder.m */; };
		AA58BE0323E7710900624897 /* SDDiskCache.m in Sources */ = {isa = PBXBuildFile; fileRef = AA58BD9323E7710900624897 /* SDDiskCache.m */; };
		AA58BE0423E7710900624897 /* SDAnimatedImageRep.m in Sources */ = {isa = PBXBuildFile; fileRef = AA58BD9523E7710900624897 /* SDAnimatedImageRep.m */; };
		AA58BE0523E7710900624897 /* UIImage+ExtendedCacheData.m in Sources */ = {isa = PBXBuildFile; fileRef = AA58BD9723E7710900624897 /* UIImage+ExtendedCacheData.m */; };
		AA58BE0623E7710900624897 /* SDWebImageDownloaderConfig.m in Sources */ = {isa = PBXBuildFile; fileRef = AA58BD9923E7710900624897 /* SDWebImageDownloaderConfig.m */; };
		AA58BE0723E7710900624897 /* SDImageCache.m in Sources */ = {isa = PBXBuildFile; fileRef = AA58BD9B23E7710900624897 /* SDImageCache.m */; };
		AA58BE0823E7710900624897 /* SDImageGIFCoder.m in Sources */ = {isa = PBXBuildFile; fileRef = AA58BD9C23E7710900624897 /* SDImageGIFCoder.m */; };
		AA58BE0923E7710900624897 /* SDImageFrame.m in Sources */ = {isa = PBXBuildFile; fileRef = AA58BD9E23E7710900624897 /* SDImageFrame.m */; };
		AA58BE0A23E7710900624897 /* SDWebImageDownloaderOperation.m in Sources */ = {isa = PBXBuildFile; fileRef = AA58BD9F23E7710900624897 /* SDWebImageDownloaderOperation.m */; };
		AA58BE0B23E7710900624897 /* SDImageLoadersManager.m in Sources */ = {isa = PBXBuildFile; fileRef = AA58BDA123E7710900624897 /* SDImageLoadersManager.m */; };
		AA58BE0C23E7710900624897 /* SDImageCachesManager.m in Sources */ = {isa = PBXBuildFile; fileRef = AA58BDA223E7710900624897 /* SDImageCachesManager.m */; };
		AA58BE0D23E7710900624897 /* SDWebImageTransition.m in Sources */ = {isa = PBXBuildFile; fileRef = AA58BDA323E7710900624897 /* SDWebImageTransition.m */; };
		AA58BE0E23E7710900624897 /* SDImageTransformer.m in Sources */ = {isa = PBXBuildFile; fileRef = AA58BDA523E7710900624897 /* SDImageTransformer.m */; };
		AA58BE0F23E7710900624897 /* NSData+ImageContentType.m in Sources */ = {isa = PBXBuildFile; fileRef = AA58BDA623E7710900624897 /* NSData+ImageContentType.m */; };
		AA58BE1023E7710900624897 /* UIImageView+WebCache.m in Sources */ = {isa = PBXBuildFile; fileRef = AA58BDA723E7710900624897 /* UIImageView+WebCache.m */; };
		AA58BE1123E7710900624897 /* SDImageGraphics.m in Sources */ = {isa = PBXBuildFile; fileRef = AA58BDAA23E7710900624897 /* SDImageGraphics.m */; };
		AA58BE1223E7710900624897 /* SDImageCacheDefine.m in Sources */ = {isa = PBXBuildFile; fileRef = AA58BDAF23E7710900624897 /* SDImageCacheDefine.m */; };
		AA58BE1323E7710900624897 /* UIImage+MemoryCacheCost.m in Sources */ = {isa = PBXBuildFile; fileRef = AA58BDB123E7710900624897 /* UIImage+MemoryCacheCost.m */; };
		AA58BE1423E7710900624897 /* SDImageCacheConfig.m in Sources */ = {isa = PBXBuildFile; fileRef = AA58BDB423E7710900624897 /* SDImageCacheConfig.m */; };
		AA58BE1523E7710900624897 /* SDWebImageCacheKeyFilter.m in Sources */ = {isa = PBXBuildFile; fileRef = AA58BDB523E7710900624897 /* SDWebImageCacheKeyFilter.m */; };
		AA58BE1623E7710900624897 /* SDWebImageDefine.m in Sources */ = {isa = PBXBuildFile; fileRef = AA58BDB723E7710900624897 /* SDWebImageDefine.m */; };
		AA58BE1723E7710900624897 /* SDWebImageOptionsProcessor.m in Sources */ = {isa = PBXBuildFile; fileRef = AA58BDB923E7710900624897 /* SDWebImageOptionsProcessor.m */; };
		AA58BE1823E7710900624897 /* UIView+WebCacheOperation.m in Sources */ = {isa = PBXBuildFile; fileRef = AA58BDBA23E7710900624897 /* UIView+WebCacheOperation.m */; };
		AA58BE1923E7710900624897 /* UIView+WebCache.m in Sources */ = {isa = PBXBuildFile; fileRef = AA58BDBB23E7710900624897 /* UIView+WebCache.m */; };
		AA58BE1A23E7710900624897 /* UIImage+Metadata.m in Sources */ = {isa = PBXBuildFile; fileRef = AA58BDC223E7710900624897 /* UIImage+Metadata.m */; };
		AA58BE1B23E7710900624897 /* UIButton+WebCache.m in Sources */ = {isa = PBXBuildFile; fileRef = AA58BDC423E7710900624897 /* UIButton+WebCache.m */; };
		AA58BE1C23E7710900624897 /* SDWebImageDownloaderRequestModifier.m in Sources */ = {isa = PBXBuildFile; fileRef = AA58BDC523E7710900624897 /* SDWebImageDownloaderRequestModifier.m */; };
		AA58BE1D23E7710900624897 /* MKAnnotationView+WebCache.m in Sources */ = {isa = PBXBuildFile; fileRef = AA58BDC923E7710900624897 /* MKAnnotationView+WebCache.m */; };
		AA58BE1E23E7710900624897 /* SDImageCachesManagerOperation.m in Sources */ = {isa = PBXBuildFile; fileRef = AA58BDCE23E7710900624897 /* SDImageCachesManagerOperation.m */; };
		AA58BE1F23E7710900624897 /* SDImageAssetManager.m in Sources */ = {isa = PBXBuildFile; fileRef = AA58BDD223E7710900624897 /* SDImageAssetManager.m */; };
		AA58BE2023E7710900624897 /* SDDeviceHelper.m in Sources */ = {isa = PBXBuildFile; fileRef = AA58BDDA23E7710900624897 /* SDDeviceHelper.m */; };
		AA58BE2123E7710900624897 /* SDWeakProxy.m in Sources */ = {isa = PBXBuildFile; fileRef = AA58BDDB23E7710900624897 /* SDWeakProxy.m */; };
		AA58BE2223E7710900624897 /* SDInternalMacros.m in Sources */ = {isa = PBXBuildFile; fileRef = AA58BDDC23E7710900624897 /* SDInternalMacros.m */; };
		AA58BE2323E7710900624897 /* SDFileAttributeHelper.m in Sources */ = {isa = PBXBuildFile; fileRef = AA58BDDD23E7710900624897 /* SDFileAttributeHelper.m */; };
		AA58BE2423E7710900624897 /* SDDisplayLink.m in Sources */ = {isa = PBXBuildFile; fileRef = AA58BDDF23E7710900624897 /* SDDisplayLink.m */; };
		AA58BE2523E7710900624897 /* SDAsyncBlockOperation.m in Sources */ = {isa = PBXBuildFile; fileRef = AA58BDE123E7710900624897 /* SDAsyncBlockOperation.m */; };
		AA58BE2623E7710900624897 /* NSBezierPath+RoundedCorners.m in Sources */ = {isa = PBXBuildFile; fileRef = AA58BDE223E7710900624897 /* NSBezierPath+RoundedCorners.m */; };
		AA58BE2723E7710900624897 /* UIColor+HexString.m in Sources */ = {isa = PBXBuildFile; fileRef = AA58BDE323E7710900624897 /* UIColor+HexString.m */; };
		AA58BE2823E7710900624897 /* SDAssociatedObject.m in Sources */ = {isa = PBXBuildFile; fileRef = AA58BDE423E7710900624897 /* SDAssociatedObject.m */; };
		AA58BE2A23E7747D00624897 /* download.png in Resources */ = {isa = PBXBuildFile; fileRef = AA58BE2923E7747D00624897 /* download.png */; };
		AA58BE2E23E7782C00624897 /* CocktailDetailViewController.m in Sources */ = {isa = PBXBuildFile; fileRef = AA58BE2D23E7782C00624897 /* CocktailDetailViewController.m */; };
		AA58BE3123E78E2200624897 /* IngredientDetail.m in Sources */ = {isa = PBXBuildFile; fileRef = AA58BE3023E78E2200624897 /* IngredientDetail.m */; };
/* End PBXBuildFile section */

/* Begin PBXContainerItemProxy section */
		AA4DB63F23E3BBCA0057100A /* PBXContainerItemProxy */ = {
			isa = PBXContainerItemProxy;
			containerPortal = AA4DB61B23E3BBC80057100A /* Project object */;
			proxyType = 1;
			remoteGlobalIDString = AA4DB62223E3BBC80057100A;
			remoteInfo = "emoji eggplant challenge";
		};
		AA4DB64A23E3BBCB0057100A /* PBXContainerItemProxy */ = {
			isa = PBXContainerItemProxy;
			containerPortal = AA4DB61B23E3BBC80057100A /* Project object */;
			proxyType = 1;
			remoteGlobalIDString = AA4DB62223E3BBC80057100A;
			remoteInfo = "emoji eggplant challenge";
		};
/* End PBXContainerItemProxy section */

/* Begin PBXFileReference section */
		AA4DB62323E3BBC80057100A /* emoji eggplant challenge.app */ = {isa = PBXFileReference; explicitFileType = wrapper.application; includeInIndex = 0; path = "emoji eggplant challenge.app"; sourceTree = BUILT_PRODUCTS_DIR; };
		AA4DB62623E3BBC80057100A /* AppDelegate.h */ = {isa = PBXFileReference; lastKnownFileType = sourcecode.c.h; path = AppDelegate.h; sourceTree = "<group>"; };
		AA4DB62723E3BBC80057100A /* AppDelegate.m */ = {isa = PBXFileReference; lastKnownFileType = sourcecode.c.objc; path = AppDelegate.m; sourceTree = "<group>"; };
		AA4DB62923E3BBC80057100A /* SceneDelegate.h */ = {isa = PBXFileReference; lastKnownFileType = sourcecode.c.h; path = SceneDelegate.h; sourceTree = "<group>"; };
		AA4DB62A23E3BBC80057100A /* SceneDelegate.m */ = {isa = PBXFileReference; lastKnownFileType = sourcecode.c.objc; path = SceneDelegate.m; sourceTree = "<group>"; };
		AA4DB62C23E3BBC80057100A /* ViewController.h */ = {isa = PBXFileReference; lastKnownFileType = sourcecode.c.h; path = ViewController.h; sourceTree = "<group>"; };
		AA4DB62D23E3BBC80057100A /* ViewController.m */ = {isa = PBXFileReference; lastKnownFileType = sourcecode.c.objc; path = ViewController.m; sourceTree = "<group>"; };
		AA4DB63023E3BBC80057100A /* Base */ = {isa = PBXFileReference; lastKnownFileType = file.storyboard; name = Base; path = Base.lproj/Main.storyboard; sourceTree = "<group>"; };
		AA4DB63223E3BBCA0057100A /* Assets.xcassets */ = {isa = PBXFileReference; lastKnownFileType = folder.assetcatalog; path = Assets.xcassets; sourceTree = "<group>"; };
		AA4DB63523E3BBCA0057100A /* Base */ = {isa = PBXFileReference; lastKnownFileType = file.storyboard; name = Base; path = Base.lproj/LaunchScreen.storyboard; sourceTree = "<group>"; };
		AA4DB63723E3BBCA0057100A /* Info.plist */ = {isa = PBXFileReference; lastKnownFileType = text.plist.xml; path = Info.plist; sourceTree = "<group>"; };
		AA4DB63823E3BBCA0057100A /* main.m */ = {isa = PBXFileReference; lastKnownFileType = sourcecode.c.objc; path = main.m; sourceTree = "<group>"; };
		AA4DB63E23E3BBCA0057100A /* emoji eggplant challengeTests.xctest */ = {isa = PBXFileReference; explicitFileType = wrapper.cfbundle; includeInIndex = 0; path = "emoji eggplant challengeTests.xctest"; sourceTree = BUILT_PRODUCTS_DIR; };
		AA4DB64223E3BBCA0057100A /* emoji_eggplant_challengeTests.m */ = {isa = PBXFileReference; lastKnownFileType = sourcecode.c.objc; path = emoji_eggplant_challengeTests.m; sourceTree = "<group>"; };
		AA4DB64423E3BBCA0057100A /* Info.plist */ = {isa = PBXFileReference; lastKnownFileType = text.plist.xml; path = Info.plist; sourceTree = "<group>"; };
		AA4DB64923E3BBCB0057100A /* emoji eggplant challengeUITests.xctest */ = {isa = PBXFileReference; explicitFileType = wrapper.cfbundle; includeInIndex = 0; path = "emoji eggplant challengeUITests.xctest"; sourceTree = BUILT_PRODUCTS_DIR; };
		AA4DB64D23E3BBCB0057100A /* emoji_eggplant_challengeUITests.m */ = {isa = PBXFileReference; lastKnownFileType = sourcecode.c.objc; path = emoji_eggplant_challengeUITests.m; sourceTree = "<group>"; };
		AA4DB64F23E3BBCB0057100A /* Info.plist */ = {isa = PBXFileReference; lastKnownFileType = text.plist.xml; path = Info.plist; sourceTree = "<group>"; };
		AA4DB65C23E3DBCA0057100A /* CocktailsTableViewCell.h */ = {isa = PBXFileReference; lastKnownFileType = sourcecode.c.h; path = CocktailsTableViewCell.h; sourceTree = "<group>"; };
		AA4DB65D23E3DBCA0057100A /* CocktailsTableViewCell.m */ = {isa = PBXFileReference; lastKnownFileType = sourcecode.c.objc; path = CocktailsTableViewCell.m; sourceTree = "<group>"; };
		AA4DB66723E652760057100A /* DataService.h */ = {isa = PBXFileReference; lastKnownFileType = sourcecode.c.h; path = DataService.h; sourceTree = "<group>"; };
		AA4DB66823E652760057100A /* DataService.m */ = {isa = PBXFileReference; lastKnownFileType = sourcecode.c.objc; path = DataService.m; sourceTree = "<group>"; };
		AA4DB66A23E66A410057100A /* Cocktail.h */ = {isa = PBXFileReference; lastKnownFileType = sourcecode.c.h; path = Cocktail.h; sourceTree = "<group>"; };
		AA4DB66B23E66A410057100A /* Cocktail.m */ = {isa = PBXFileReference; lastKnownFileType = sourcecode.c.objc; path = Cocktail.m; sourceTree = "<group>"; };
		AA58BD5723E7710900624897 /* UIImage+ExtendedCacheData.h */ = {isa = PBXFileReference; fileEncoding = 4; lastKnownFileType = sourcecode.c.h; path = "UIImage+ExtendedCacheData.h"; sourceTree = "<group>"; };
		AA58BD5823E7710900624897 /* SDImageHEICCoder.m */ = {isa = PBXFileReference; fileEncoding = 4; lastKnownFileType = sourcecode.c.objc; path = SDImageHEICCoder.m; sourceTree = "<group>"; };
		AA58BD5923E7710900624897 /* SDAnimatedImageRep.h */ = {isa = PBXFileReference; fileEncoding = 4; lastKnownFileType = sourcecode.c.h; path = SDAnimatedImageRep.h; sourceTree = "<group>"; };
		AA58BD5A23E7710900624897 /* NSImage+Compatibility.m */ = {isa = PBXFileReference; fileEncoding = 4; lastKnownFileType = sourcecode.c.objc; path = "NSImage+Compatibility.m"; sourceTree = "<group>"; };
		AA58BD5B23E7710900624897 /* SDDiskCache.h */ = {isa = PBXFileReference; fileEncoding = 4; lastKnownFileType = sourcecode.c.h; path = SDDiskCache.h; sourceTree = "<group>"; };
		AA58BD5C23E7710900624897 /* SDAnimatedImageView+WebCache.m */ = {isa = PBXFileReference; fileEncoding = 4; lastKnownFileType = sourcecode.c.objc; path = "SDAnimatedImageView+WebCache.m"; sourceTree = "<group>"; };
		AA58BD5D23E7710900624897 /* SDImageIOCoder.h */ = {isa = PBXFileReference; fileEncoding = 4; lastKnownFileType = sourcecode.c.h; path = SDImageIOCoder.h; sourceTree = "<group>"; };
		AA58BD5E23E7710900624897 /* SDImageCoder.m */ = {isa = PBXFileReference; fileEncoding = 4; lastKnownFileType = sourcecode.c.objc; path = SDImageCoder.m; sourceTree = "<group>"; };
		AA58BD5F23E7710900624897 /* NSButton+WebCache.h */ = {isa = PBXFileReference; fileEncoding = 4; lastKnownFileType = sourcecode.c.h; path = "NSButton+WebCache.h"; sourceTree = "<group>"; };
		AA58BD6023E7710900624897 /* SDImageGraphics.h */ = {isa = PBXFileReference; fileEncoding = 4; lastKnownFileType = sourcecode.c.h; path = SDImageGraphics.h; sourceTree = "<group>"; };
		AA58BD6123E7710900624897 /* UIImageView+WebCache.h */ = {isa = PBXFileReference; fileEncoding = 4; lastKnownFileType = sourcecode.c.h; path = "UIImageView+WebCache.h"; sourceTree = "<group>"; };
		AA58BD6223E7710900624897 /* NSData+ImageContentType.h */ = {isa = PBXFileReference; fileEncoding = 4; lastKnownFileType = sourcecode.c.h; path = "NSData+ImageContentType.h"; sourceTree = "<group>"; };
		AA58BD6323E7710900624897 /* SDWebImageDownloaderDecryptor.m */ = {isa = PBXFileReference; fileEncoding = 4; lastKnownFileType = sourcecode.c.objc; path = SDWebImageDownloaderDecryptor.m; sourceTree = "<group>"; };
		AA58BD6423E7710900624897 /* SDImageTransformer.h */ = {isa = PBXFileReference; fileEncoding = 4; lastKnownFileType = sourcecode.c.h; path = SDImageTransformer.h; sourceTree = "<group>"; };
		AA58BD6523E7710900624897 /* SDImageCachesManager.h */ = {isa = PBXFileReference; fileEncoding = 4; lastKnownFileType = sourcecode.c.h; path = SDImageCachesManager.h; sourceTree = "<group>"; };
		AA58BD6623E7710900624897 /* SDWebImageTransition.h */ = {isa = PBXFileReference; fileEncoding = 4; lastKnownFileType = sourcecode.c.h; path = SDWebImageTransition.h; sourceTree = "<group>"; };
		AA58BD6723E7710900624897 /* SDWebImageManager.m */ = {isa = PBXFileReference; fileEncoding = 4; lastKnownFileType = sourcecode.c.objc; path = SDWebImageManager.m; sourceTree = "<group>"; };
		AA58BD6823E7710900624897 /* SDImageLoadersManager.h */ = {isa = PBXFileReference; fileEncoding = 4; lastKnownFileType = sourcecode.c.h; path = SDImageLoadersManager.h; sourceTree = "<group>"; };
		AA58BD6923E7710900624897 /* SDImageIOAnimatedCoder.m */ = {isa = PBXFileReference; fileEncoding = 4; lastKnownFileType = sourcecode.c.objc; path = SDImageIOAnimatedCoder.m; sourceTree = "<group>"; };
		AA58BD6A23E7710900624897 /* SDWebImageDownloaderOperation.h */ = {isa = PBXFileReference; fileEncoding = 4; lastKnownFileType = sourcecode.c.h; path = SDWebImageDownloaderOperation.h; sourceTree = "<group>"; };
		AA58BD6B23E7710900624897 /* UIImageView+HighlightedWebCache.m */ = {isa = PBXFileReference; fileEncoding = 4; lastKnownFileType = sourcecode.c.objc; path = "UIImageView+HighlightedWebCache.m"; sourceTree = "<group>"; };
		AA58BD6C23E7710900624897 /* SDImageFrame.h */ = {isa = PBXFileReference; fileEncoding = 4; lastKnownFileType = sourcecode.c.h; path = SDImageFrame.h; sourceTree = "<group>"; };
		AA58BD6D23E7710900624897 /* SDImageGIFCoder.h */ = {isa = PBXFileReference; fileEncoding = 4; lastKnownFileType = sourcecode.c.h; path = SDImageGIFCoder.h; sourceTree = "<group>"; };
		AA58BD6E23E7710900624897 /* SDImageCache.h */ = {isa = PBXFileReference; fileEncoding = 4; lastKnownFileType = sourcecode.c.h; path = SDImageCache.h; sourceTree = "<group>"; };
		AA58BD6F23E7710900624897 /* SDWebImageDownloaderConfig.h */ = {isa = PBXFileReference; fileEncoding = 4; lastKnownFileType = sourcecode.c.h; path = SDWebImageDownloaderConfig.h; sourceTree = "<group>"; };
		AA58BD7023E7710900624897 /* SDAnimatedImage.m */ = {isa = PBXFileReference; fileEncoding = 4; lastKnownFileType = sourcecode.c.objc; path = SDAnimatedImage.m; sourceTree = "<group>"; };
		AA58BD7123E7710900624897 /* SDAnimatedImageView.m */ = {isa = PBXFileReference; fileEncoding = 4; lastKnownFileType = sourcecode.c.objc; path = SDAnimatedImageView.m; sourceTree = "<group>"; };
		AA58BD7223E7710900624897 /* UIImage+ForceDecode.m */ = {isa = PBXFileReference; fileEncoding = 4; lastKnownFileType = sourcecode.c.objc; path = "UIImage+ForceDecode.m"; sourceTree = "<group>"; };
		AA58BD7323E7710900624897 /* SDImageCacheConfig.h */ = {isa = PBXFileReference; fileEncoding = 4; lastKnownFileType = sourcecode.c.h; path = SDImageCacheConfig.h; sourceTree = "<group>"; };
		AA58BD7423E7710900624897 /* SDWebImageCacheKeyFilter.h */ = {isa = PBXFileReference; fileEncoding = 4; lastKnownFileType = sourcecode.c.h; path = SDWebImageCacheKeyFilter.h; sourceTree = "<group>"; };
		AA58BD7523E7710900624897 /* SDAnimatedImagePlayer.m */ = {isa = PBXFileReference; fileEncoding = 4; lastKnownFileType = sourcecode.c.objc; path = SDAnimatedImagePlayer.m; sourceTree = "<group>"; };
		AA58BD7623E7710900624897 /* UIImage+Transform.m */ = {isa = PBXFileReference; fileEncoding = 4; lastKnownFileType = sourcecode.c.objc; path = "UIImage+Transform.m"; sourceTree = "<group>"; };
		AA58BD7723E7710900624897 /* UIImage+MemoryCacheCost.h */ = {isa = PBXFileReference; fileEncoding = 4; lastKnownFileType = sourcecode.c.h; path = "UIImage+MemoryCacheCost.h"; sourceTree = "<group>"; };
		AA58BD7823E7710900624897 /* SDWebImageDownloader.m */ = {isa = PBXFileReference; fileEncoding = 4; lastKnownFileType = sourcecode.c.objc; path = SDWebImageDownloader.m; sourceTree = "<group>"; };
		AA58BD7923E7710900624897 /* SDImageCacheDefine.h */ = {isa = PBXFileReference; fileEncoding = 4; lastKnownFileType = sourcecode.c.h; path = SDImageCacheDefine.h; sourceTree = "<group>"; };
		AA58BD7A23E7710900624897 /* SDImageLoader.m */ = {isa = PBXFileReference; fileEncoding = 4; lastKnownFileType = sourcecode.c.objc; path = SDImageLoader.m; sourceTree = "<group>"; };
		AA58BD7B23E7710900624897 /* SDWebImageCacheSerializer.m */ = {isa = PBXFileReference; fileEncoding = 4; lastKnownFileType = sourcecode.c.objc; path = SDWebImageCacheSerializer.m; sourceTree = "<group>"; };
		AA58BD7C23E7710900624897 /* SDWebImageIndicator.m */ = {isa = PBXFileReference; fileEncoding = 4; lastKnownFileType = sourcecode.c.objc; path = SDWebImageIndicator.m; sourceTree = "<group>"; };
		AA58BD7D23E7710900624897 /* SDGraphicsImageRenderer.m */ = {isa = PBXFileReference; fileEncoding = 4; lastKnownFileType = sourcecode.c.objc; path = SDGraphicsImageRenderer.m; sourceTree = "<group>"; };
		AA58BD7E23E7710900624897 /* UIImage+GIF.m */ = {isa = PBXFileReference; fileEncoding = 4; lastKnownFileType = sourcecode.c.objc; path = "UIImage+GIF.m"; sourceTree = "<group>"; };
		AA58BD7F23E7710900624897 /* SDImageCodersManager.m */ = {isa = PBXFileReference; fileEncoding = 4; lastKnownFileType = sourcecode.c.objc; path = SDImageCodersManager.m; sourceTree = "<group>"; };
		AA58BD8023E7710900624897 /* UIButton+WebCache.h */ = {isa = PBXFileReference; fileEncoding = 4; lastKnownFileType = sourcecode.c.h; path = "UIButton+WebCache.h"; sourceTree = "<group>"; };
		AA58BD8123E7710900624897 /* SDWebImageDownloaderRequestModifier.h */ = {isa = PBXFileReference; fileEncoding = 4; lastKnownFileType = sourcecode.c.h; path = SDWebImageDownloaderRequestModifier.h; sourceTree = "<group>"; };
		AA58BD8223E7710900624897 /* UIImage+MultiFormat.m */ = {isa = PBXFileReference; fileEncoding = 4; lastKnownFileType = sourcecode.c.objc; path = "UIImage+MultiFormat.m"; sourceTree = "<group>"; };
		AA58BD8323E7710900624897 /* SDMemoryCache.m */ = {isa = PBXFileReference; fileEncoding = 4; lastKnownFileType = sourcecode.c.objc; path = SDMemoryCache.m; sourceTree = "<group>"; };
		AA58BD8423E7710900624897 /* UIImage+Metadata.h */ = {isa = PBXFileReference; fileEncoding = 4; lastKnownFileType = sourcecode.c.h; path = "UIImage+Metadata.h"; sourceTree = "<group>"; };
		AA58BD8523E7710900624897 /* SDWebImageCompat.m */ = {isa = PBXFileReference; fileEncoding = 4; lastKnownFileType = sourcecode.c.objc; path = SDWebImageCompat.m; sourceTree = "<group>"; };
		AA58BD8623E7710900624897 /* SDImageAPNGCoder.m */ = {isa = PBXFileReference; fileEncoding = 4; lastKnownFileType = sourcecode.c.objc; path = SDImageAPNGCoder.m; sourceTree = "<group>"; };
		AA58BD8723E7710900624897 /* SDWebImageDownloaderResponseModifier.m */ = {isa = PBXFileReference; fileEncoding = 4; lastKnownFileType = sourcecode.c.objc; path = SDWebImageDownloaderResponseModifier.m; sourceTree = "<group>"; };
		AA58BD8823E7710900624897 /* SDWebImageError.m */ = {isa = PBXFileReference; fileEncoding = 4; lastKnownFileType = sourcecode.c.objc; path = SDWebImageError.m; sourceTree = "<group>"; };
		AA58BD8923E7710900624897 /* SDWebImagePrefetcher.m */ = {isa = PBXFileReference; fileEncoding = 4; lastKnownFileType = sourcecode.c.objc; path = SDWebImagePrefetcher.m; sourceTree = "<group>"; };
		AA58BD8A23E7710900624897 /* SDImageCoderHelper.m */ = {isa = PBXFileReference; fileEncoding = 4; lastKnownFileType = sourcecode.c.objc; path = SDImageCoderHelper.m; sourceTree = "<group>"; };
		AA58BD8B23E7710900624897 /* SDWebImageOptionsProcessor.h */ = {isa = PBXFileReference; fileEncoding = 4; lastKnownFileType = sourcecode.c.h; path = SDWebImageOptionsProcessor.h; sourceTree = "<group>"; };
		AA58BD8C23E7710900624897 /* UIView+WebCache.h */ = {isa = PBXFileReference; fileEncoding = 4; lastKnownFileType = sourcecode.c.h; path = "UIView+WebCache.h"; sourceTree = "<group>"; };
		AA58BD8D23E7710900624897 /* UIView+WebCacheOperation.h */ = {isa = PBXFileReference; fileEncoding = 4; lastKnownFileType = sourcecode.c.h; path = "UIView+WebCacheOperation.h"; sourceTree = "<group>"; };
		AA58BD8E23E7710900624897 /* SDWebImageDefine.h */ = {isa = PBXFileReference; fileEncoding = 4; lastKnownFileType = sourcecode.c.h; path = SDWebImageDefine.h; sourceTree = "<group>"; };
		AA58BD8F23E7710900624897 /* NSButton+WebCache.m */ = {isa = PBXFileReference; fileEncoding = 4; lastKnownFileType = sourcecode.c.objc; path = "NSButton+WebCache.m"; sourceTree = "<group>"; };
		AA58BD9023E7710900624897 /* SDImageCoder.h */ = {isa = PBXFileReference; fileEncoding = 4; lastKnownFileType = sourcecode.c.h; path = SDImageCoder.h; sourceTree = "<group>"; };
		AA58BD9123E7710900624897 /* SDImageIOCoder.m */ = {isa = PBXFileReference; fileEncoding = 4; lastKnownFileType = sourcecode.c.objc; path = SDImageIOCoder.m; sourceTree = "<group>"; };
		AA58BD9223E7710900624897 /* SDAnimatedImageView+WebCache.h */ = {isa = PBXFileReference; fileEncoding = 4; lastKnownFileType = sourcecode.c.h; path = "SDAnimatedImageView+WebCache.h"; sourceTree = "<group>"; };
		AA58BD9323E7710900624897 /* SDDiskCache.m */ = {isa = PBXFileReference; fileEncoding = 4; lastKnownFileType = sourcecode.c.objc; path = SDDiskCache.m; sourceTree = "<group>"; };
		AA58BD9423E7710900624897 /* NSImage+Compatibility.h */ = {isa = PBXFileReference; fileEncoding = 4; lastKnownFileType = sourcecode.c.h; path = "NSImage+Compatibility.h"; sourceTree = "<group>"; };
		AA58BD9523E7710900624897 /* SDAnimatedImageRep.m */ = {isa = PBXFileReference; fileEncoding = 4; lastKnownFileType = sourcecode.c.objc; path = SDAnimatedImageRep.m; sourceTree = "<group>"; };
		AA58BD9623E7710900624897 /* SDImageHEICCoder.h */ = {isa = PBXFileReference; fileEncoding = 4; lastKnownFileType = sourcecode.c.h; path = SDImageHEICCoder.h; sourceTree = "<group>"; };
		AA58BD9723E7710900624897 /* UIImage+ExtendedCacheData.m */ = {isa = PBXFileReference; fileEncoding = 4; lastKnownFileType = sourcecode.c.objc; path = "UIImage+ExtendedCacheData.m"; sourceTree = "<group>"; };
		AA58BD9823E7710900624897 /* SDAnimatedImageView.h */ = {isa = PBXFileReference; fileEncoding = 4; lastKnownFileType = sourcecode.c.h; path = SDAnimatedImageView.h; sourceTree = "<group>"; };
		AA58BD9923E7710900624897 /* SDWebImageDownloaderConfig.m */ = {isa = PBXFileReference; fileEncoding = 4; lastKnownFileType = sourcecode.c.objc; path = SDWebImageDownloaderConfig.m; sourceTree = "<group>"; };
		AA58BD9A23E7710900624897 /* SDAnimatedImage.h */ = {isa = PBXFileReference; fileEncoding = 4; lastKnownFileType = sourcecode.c.h; path = SDAnimatedImage.h; sourceTree = "<group>"; };
		AA58BD9B23E7710900624897 /* SDImageCache.m */ = {isa = PBXFileReference; fileEncoding = 4; lastKnownFileType = sourcecode.c.objc; path = SDImageCache.m; sourceTree = "<group>"; };
		AA58BD9C23E7710900624897 /* SDImageGIFCoder.m */ = {isa = PBXFileReference; fileEncoding = 4; lastKnownFileType = sourcecode.c.objc; path = SDImageGIFCoder.m; sourceTree = "<group>"; };
		AA58BD9D23E7710900624897 /* UIImageView+HighlightedWebCache.h */ = {isa = PBXFileReference; fileEncoding = 4; lastKnownFileType = sourcecode.c.h; path = "UIImageView+HighlightedWebCache.h"; sourceTree = "<group>"; };
		AA58BD9E23E7710900624897 /* SDImageFrame.m */ = {isa = PBXFileReference; fileEncoding = 4; lastKnownFileType = sourcecode.c.objc; path = SDImageFrame.m; sourceTree = "<group>"; };
		AA58BD9F23E7710900624897 /* SDWebImageDownloaderOperation.m */ = {isa = PBXFileReference; fileEncoding = 4; lastKnownFileType = sourcecode.c.objc; path = SDWebImageDownloaderOperation.m; sourceTree = "<group>"; };
		AA58BDA023E7710900624897 /* SDImageIOAnimatedCoder.h */ = {isa = PBXFileReference; fileEncoding = 4; lastKnownFileType = sourcecode.c.h; path = SDImageIOAnimatedCoder.h; sourceTree = "<group>"; };
		AA58BDA123E7710900624897 /* SDImageLoadersManager.m */ = {isa = PBXFileReference; fileEncoding = 4; lastKnownFileType = sourcecode.c.objc; path = SDImageLoadersManager.m; sourceTree = "<group>"; };
		AA58BDA223E7710900624897 /* SDImageCachesManager.m */ = {isa = PBXFileReference; fileEncoding = 4; lastKnownFileType = sourcecode.c.objc; path = SDImageCachesManager.m; sourceTree = "<group>"; };
		AA58BDA323E7710900624897 /* SDWebImageTransition.m */ = {isa = PBXFileReference; fileEncoding = 4; lastKnownFileType = sourcecode.c.objc; path = SDWebImageTransition.m; sourceTree = "<group>"; };
		AA58BDA423E7710900624897 /* SDWebImageManager.h */ = {isa = PBXFileReference; fileEncoding = 4; lastKnownFileType = sourcecode.c.h; path = SDWebImageManager.h; sourceTree = "<group>"; };
		AA58BDA523E7710900624897 /* SDImageTransformer.m */ = {isa = PBXFileReference; fileEncoding = 4; lastKnownFileType = sourcecode.c.objc; path = SDImageTransformer.m; sourceTree = "<group>"; };
		AA58BDA623E7710900624897 /* NSData+ImageContentType.m */ = {isa = PBXFileReference; fileEncoding = 4; lastKnownFileType = sourcecode.c.objc; path = "NSData+ImageContentType.m"; sourceTree = "<group>"; };
		AA58BDA723E7710900624897 /* UIImageView+WebCache.m */ = {isa = PBXFileReference; fileEncoding = 4; lastKnownFileType = sourcecode.c.objc; path = "UIImageView+WebCache.m"; sourceTree = "<group>"; };
		AA58BDA823E7710900624897 /* SDWebImageDownloaderDecryptor.h */ = {isa = PBXFileReference; fileEncoding = 4; lastKnownFileType = sourcecode.c.h; path = SDWebImageDownloaderDecryptor.h; sourceTree = "<group>"; };
		AA58BDA923E7710900624897 /* SDWebImageOperation.h */ = {isa = PBXFileReference; fileEncoding = 4; lastKnownFileType = sourcecode.c.h; path = SDWebImageOperation.h; sourceTree = "<group>"; };
		AA58BDAA23E7710900624897 /* SDImageGraphics.m */ = {isa = PBXFileReference; fileEncoding = 4; lastKnownFileType = sourcecode.c.objc; path = SDImageGraphics.m; sourceTree = "<group>"; };
		AA58BDAB23E7710900624897 /* SDGraphicsImageRenderer.h */ = {isa = PBXFileReference; fileEncoding = 4; lastKnownFileType = sourcecode.c.h; path = SDGraphicsImageRenderer.h; sourceTree = "<group>"; };
		AA58BDAC23E7710900624897 /* SDWebImageIndicator.h */ = {isa = PBXFileReference; fileEncoding = 4; lastKnownFileType = sourcecode.c.h; path = SDWebImageIndicator.h; sourceTree = "<group>"; };
		AA58BDAD23E7710900624897 /* SDWebImageCacheSerializer.h */ = {isa = PBXFileReference; fileEncoding = 4; lastKnownFileType = sourcecode.c.h; path = SDWebImageCacheSerializer.h; sourceTree = "<group>"; };
		AA58BDAE23E7710900624897 /* SDImageLoader.h */ = {isa = PBXFileReference; fileEncoding = 4; lastKnownFileType = sourcecode.c.h; path = SDImageLoader.h; sourceTree = "<group>"; };
		AA58BDAF23E7710900624897 /* SDImageCacheDefine.m */ = {isa = PBXFileReference; fileEncoding = 4; lastKnownFileType = sourcecode.c.objc; path = SDImageCacheDefine.m; sourceTree = "<group>"; };
		AA58BDB023E7710900624897 /* SDWebImageDownloader.h */ = {isa = PBXFileReference; fileEncoding = 4; lastKnownFileType = sourcecode.c.h; path = SDWebImageDownloader.h; sourceTree = "<group>"; };
		AA58BDB123E7710900624897 /* UIImage+MemoryCacheCost.m */ = {isa = PBXFileReference; fileEncoding = 4; lastKnownFileType = sourcecode.c.objc; path = "UIImage+MemoryCacheCost.m"; sourceTree = "<group>"; };
		AA58BDB223E7710900624897 /* UIImage+Transform.h */ = {isa = PBXFileReference; fileEncoding = 4; lastKnownFileType = sourcecode.c.h; path = "UIImage+Transform.h"; sourceTree = "<group>"; };
		AA58BDB323E7710900624897 /* SDAnimatedImagePlayer.h */ = {isa = PBXFileReference; fileEncoding = 4; lastKnownFileType = sourcecode.c.h; path = SDAnimatedImagePlayer.h; sourceTree = "<group>"; };
		AA58BDB423E7710900624897 /* SDImageCacheConfig.m */ = {isa = PBXFileReference; fileEncoding = 4; lastKnownFileType = sourcecode.c.objc; path = SDImageCacheConfig.m; sourceTree = "<group>"; };
		AA58BDB523E7710900624897 /* SDWebImageCacheKeyFilter.m */ = {isa = PBXFileReference; fileEncoding = 4; lastKnownFileType = sourcecode.c.objc; path = SDWebImageCacheKeyFilter.m; sourceTree = "<group>"; };
		AA58BDB623E7710900624897 /* UIImage+ForceDecode.h */ = {isa = PBXFileReference; fileEncoding = 4; lastKnownFileType = sourcecode.c.h; path = "UIImage+ForceDecode.h"; sourceTree = "<group>"; };
		AA58BDB723E7710900624897 /* SDWebImageDefine.m */ = {isa = PBXFileReference; fileEncoding = 4; lastKnownFileType = sourcecode.c.objc; path = SDWebImageDefine.m; sourceTree = "<group>"; };
		AA58BDB823E7710900624897 /* SDImageCoderHelper.h */ = {isa = PBXFileReference; fileEncoding = 4; lastKnownFileType = sourcecode.c.h; path = SDImageCoderHelper.h; sourceTree = "<group>"; };
		AA58BDB923E7710900624897 /* SDWebImageOptionsProcessor.m */ = {isa = PBXFileReference; fileEncoding = 4; lastKnownFileType = sourcecode.c.objc; path = SDWebImageOptionsProcessor.m; sourceTree = "<group>"; };
		AA58BDBA23E7710900624897 /* UIView+WebCacheOperation.m */ = {isa = PBXFileReference; fileEncoding = 4; lastKnownFileType = sourcecode.c.objc; path = "UIView+WebCacheOperation.m"; sourceTree = "<group>"; };
		AA58BDBB23E7710900624897 /* UIView+WebCache.m */ = {isa = PBXFileReference; fileEncoding = 4; lastKnownFileType = sourcecode.c.objc; path = "UIView+WebCache.m"; sourceTree = "<group>"; };
		AA58BDBC23E7710900624897 /* SDWebImagePrefetcher.h */ = {isa = PBXFileReference; fileEncoding = 4; lastKnownFileType = sourcecode.c.h; path = SDWebImagePrefetcher.h; sourceTree = "<group>"; };
		AA58BDBD23E7710900624897 /* SDWebImageDownloaderResponseModifier.h */ = {isa = PBXFileReference; fileEncoding = 4; lastKnownFileType = sourcecode.c.h; path = SDWebImageDownloaderResponseModifier.h; sourceTree = "<group>"; };
		AA58BDBE23E7710900624897 /* SDImageAPNGCoder.h */ = {isa = PBXFileReference; fileEncoding = 4; lastKnownFileType = sourcecode.c.h; path = SDImageAPNGCoder.h; sourceTree = "<group>"; };
		AA58BDBF23E7710900624897 /* SDWebImageError.h */ = {isa = PBXFileReference; fileEncoding = 4; lastKnownFileType = sourcecode.c.h; path = SDWebImageError.h; sourceTree = "<group>"; };
		AA58BDC023E7710900624897 /* SDWebImageCompat.h */ = {isa = PBXFileReference; fileEncoding = 4; lastKnownFileType = sourcecode.c.h; path = SDWebImageCompat.h; sourceTree = "<group>"; };
		AA58BDC123E7710900624897 /* SDMemoryCache.h */ = {isa = PBXFileReference; fileEncoding = 4; lastKnownFileType = sourcecode.c.h; path = SDMemoryCache.h; sourceTree = "<group>"; };
		AA58BDC223E7710900624897 /* UIImage+Metadata.m */ = {isa = PBXFileReference; fileEncoding = 4; lastKnownFileType = sourcecode.c.objc; path = "UIImage+Metadata.m"; sourceTree = "<group>"; };
		AA58BDC323E7710900624897 /* UIImage+MultiFormat.h */ = {isa = PBXFileReference; fileEncoding = 4; lastKnownFileType = sourcecode.c.h; path = "UIImage+MultiFormat.h"; sourceTree = "<group>"; };
		AA58BDC423E7710900624897 /* UIButton+WebCache.m */ = {isa = PBXFileReference; fileEncoding = 4; lastKnownFileType = sourcecode.c.objc; path = "UIButton+WebCache.m"; sourceTree = "<group>"; };
		AA58BDC523E7710900624897 /* SDWebImageDownloaderRequestModifier.m */ = {isa = PBXFileReference; fileEncoding = 4; lastKnownFileType = sourcecode.c.objc; path = SDWebImageDownloaderRequestModifier.m; sourceTree = "<group>"; };
		AA58BDC623E7710900624897 /* SDImageCodersManager.h */ = {isa = PBXFileReference; fileEncoding = 4; lastKnownFileType = sourcecode.c.h; path = SDImageCodersManager.h; sourceTree = "<group>"; };
		AA58BDC723E7710900624897 /* UIImage+GIF.h */ = {isa = PBXFileReference; fileEncoding = 4; lastKnownFileType = sourcecode.c.h; path = "UIImage+GIF.h"; sourceTree = "<group>"; };
		AA58BDC923E7710900624897 /* MKAnnotationView+WebCache.m */ = {isa = PBXFileReference; fileEncoding = 4; lastKnownFileType = sourcecode.c.objc; path = "MKAnnotationView+WebCache.m"; sourceTree = "<group>"; };
		AA58BDCA23E7710900624897 /* MKAnnotationView+WebCache.h */ = {isa = PBXFileReference; fileEncoding = 4; lastKnownFileType = sourcecode.c.h; path = "MKAnnotationView+WebCache.h"; sourceTree = "<group>"; };
		AA58BDCC23E7710900624897 /* SDDeviceHelper.h */ = {isa = PBXFileReference; fileEncoding = 4; lastKnownFileType = sourcecode.c.h; path = SDDeviceHelper.h; sourceTree = "<group>"; };
		AA58BDCD23E7710900624897 /* SDWeakProxy.h */ = {isa = PBXFileReference; fileEncoding = 4; lastKnownFileType = sourcecode.c.h; path = SDWeakProxy.h; sourceTree = "<group>"; };
		AA58BDCE23E7710900624897 /* SDImageCachesManagerOperation.m */ = {isa = PBXFileReference; fileEncoding = 4; lastKnownFileType = sourcecode.c.objc; path = SDImageCachesManagerOperation.m; sourceTree = "<group>"; };
		AA58BDCF23E7710900624897 /* SDFileAttributeHelper.h */ = {isa = PBXFileReference; fileEncoding = 4; lastKnownFileType = sourcecode.c.h; path = SDFileAttributeHelper.h; sourceTree = "<group>"; };
		AA58BDD023E7710900624897 /* SDInternalMacros.h */ = {isa = PBXFileReference; fileEncoding = 4; lastKnownFileType = sourcecode.c.h; path = SDInternalMacros.h; sourceTree = "<group>"; };
		AA58BDD123E7710900624897 /* NSBezierPath+RoundedCorners.h */ = {isa = PBXFileReference; fileEncoding = 4; lastKnownFileType = sourcecode.c.h; path = "NSBezierPath+RoundedCorners.h"; sourceTree = "<group>"; };
		AA58BDD223E7710900624897 /* SDImageAssetManager.m */ = {isa = PBXFileReference; fileEncoding = 4; lastKnownFileType = sourcecode.c.objc; path = SDImageAssetManager.m; sourceTree = "<group>"; };
		AA58BDD323E7710900624897 /* SDAsyncBlockOperation.h */ = {isa = PBXFileReference; fileEncoding = 4; lastKnownFileType = sourcecode.c.h; path = SDAsyncBlockOperation.h; sourceTree = "<group>"; };
		AA58BDD423E7710900624897 /* SDDisplayLink.h */ = {isa = PBXFileReference; fileEncoding = 4; lastKnownFileType = sourcecode.c.h; path = SDDisplayLink.h; sourceTree = "<group>"; };
		AA58BDD523E7710900624897 /* UIColor+HexString.h */ = {isa = PBXFileReference; fileEncoding = 4; lastKnownFileType = sourcecode.c.h; path = "UIColor+HexString.h"; sourceTree = "<group>"; };
		AA58BDD623E7710900624897 /* SDAssociatedObject.h */ = {isa = PBXFileReference; fileEncoding = 4; lastKnownFileType = sourcecode.c.h; path = SDAssociatedObject.h; sourceTree = "<group>"; };
		AA58BDD723E7710900624897 /* SDmetamacros.h */ = {isa = PBXFileReference; fileEncoding = 4; lastKnownFileType = sourcecode.c.h; path = SDmetamacros.h; sourceTree = "<group>"; };
		AA58BDD823E7710900624897 /* SDImageHEICCoderInternal.h */ = {isa = PBXFileReference; fileEncoding = 4; lastKnownFileType = sourcecode.c.h; path = SDImageHEICCoderInternal.h; sourceTree = "<group>"; };
		AA58BDD923E7710900624897 /* SDImageIOAnimatedCoderInternal.h */ = {isa = PBXFileReference; fileEncoding = 4; lastKnownFileType = sourcecode.c.h; path = SDImageIOAnimatedCoderInternal.h; sourceTree = "<group>"; };
		AA58BDDA23E7710900624897 /* SDDeviceHelper.m */ = {isa = PBXFileReference; fileEncoding = 4; lastKnownFileType = sourcecode.c.objc; path = SDDeviceHelper.m; sourceTree = "<group>"; };
		AA58BDDB23E7710900624897 /* SDWeakProxy.m */ = {isa = PBXFileReference; fileEncoding = 4; lastKnownFileType = sourcecode.c.objc; path = SDWeakProxy.m; sourceTree = "<group>"; };
		AA58BDDC23E7710900624897 /* SDInternalMacros.m */ = {isa = PBXFileReference; fileEncoding = 4; lastKnownFileType = sourcecode.c.objc; path = SDInternalMacros.m; sourceTree = "<group>"; };
		AA58BDDD23E7710900624897 /* SDFileAttributeHelper.m */ = {isa = PBXFileReference; fileEncoding = 4; lastKnownFileType = sourcecode.c.objc; path = SDFileAttributeHelper.m; sourceTree = "<group>"; };
		AA58BDDE23E7710900624897 /* SDImageCachesManagerOperation.h */ = {isa = PBXFileReference; fileEncoding = 4; lastKnownFileType = sourcecode.c.h; path = SDImageCachesManagerOperation.h; sourceTree = "<group>"; };
		AA58BDDF23E7710900624897 /* SDDisplayLink.m */ = {isa = PBXFileReference; fileEncoding = 4; lastKnownFileType = sourcecode.c.objc; path = SDDisplayLink.m; sourceTree = "<group>"; };
		AA58BDE023E7710900624897 /* SDImageAssetManager.h */ = {isa = PBXFileReference; fileEncoding = 4; lastKnownFileType = sourcecode.c.h; path = SDImageAssetManager.h; sourceTree = "<group>"; };
		AA58BDE123E7710900624897 /* SDAsyncBlockOperation.m */ = {isa = PBXFileReference; fileEncoding = 4; lastKnownFileType = sourcecode.c.objc; path = SDAsyncBlockOperation.m; sourceTree = "<group>"; };
		AA58BDE223E7710900624897 /* NSBezierPath+RoundedCorners.m */ = {isa = PBXFileReference; fileEncoding = 4; lastKnownFileType = sourcecode.c.objc; path = "NSBezierPath+RoundedCorners.m"; sourceTree = "<group>"; };
		AA58BDE323E7710900624897 /* UIColor+HexString.m */ = {isa = PBXFileReference; fileEncoding = 4; lastKnownFileType = sourcecode.c.objc; path = "UIColor+HexString.m"; sourceTree = "<group>"; };
		AA58BDE423E7710900624897 /* SDAssociatedObject.m */ = {isa = PBXFileReference; fileEncoding = 4; lastKnownFileType = sourcecode.c.objc; path = SDAssociatedObject.m; sourceTree = "<group>"; };
		AA58BE2923E7747D00624897 /* download.png */ = {isa = PBXFileReference; lastKnownFileType = image.png; path = download.png; sourceTree = "<group>"; };
		AA58BE2C23E7782C00624897 /* CocktailDetailViewController.h */ = {isa = PBXFileReference; lastKnownFileType = sourcecode.c.h; path = CocktailDetailViewController.h; sourceTree = "<group>"; };
		AA58BE2D23E7782C00624897 /* CocktailDetailViewController.m */ = {isa = PBXFileReference; lastKnownFileType = sourcecode.c.objc; path = CocktailDetailViewController.m; sourceTree = "<group>"; };
		AA58BE2F23E78E2200624897 /* IngredientDetail.h */ = {isa = PBXFileReference; lastKnownFileType = sourcecode.c.h; path = IngredientDetail.h; sourceTree = "<group>"; };
		AA58BE3023E78E2200624897 /* IngredientDetail.m */ = {isa = PBXFileReference; lastKnownFileType = sourcecode.c.objc; path = IngredientDetail.m; sourceTree = "<group>"; };
/* End PBXFileReference section */

/* Begin PBXFrameworksBuildPhase section */
		AA4DB62023E3BBC80057100A /* Frameworks */ = {
			isa = PBXFrameworksBuildPhase;
			buildActionMask = 2147483647;
			files = (
			);
			runOnlyForDeploymentPostprocessing = 0;
		};
		AA4DB63B23E3BBCA0057100A /* Frameworks */ = {
			isa = PBXFrameworksBuildPhase;
			buildActionMask = 2147483647;
			files = (
			);
			runOnlyForDeploymentPostprocessing = 0;
		};
		AA4DB64623E3BBCB0057100A /* Frameworks */ = {
			isa = PBXFrameworksBuildPhase;
			buildActionMask = 2147483647;
			files = (
			);
			runOnlyForDeploymentPostprocessing = 0;
		};
/* End PBXFrameworksBuildPhase section */

/* Begin PBXGroup section */
		AA4DB61A23E3BBC80057100A = {
			isa = PBXGroup;
			children = (
				AA4DB62523E3BBC80057100A /* emoji eggplant challenge */,
				AA4DB64123E3BBCA0057100A /* emoji eggplant challengeTests */,
				AA4DB64C23E3BBCB0057100A /* emoji eggplant challengeUITests */,
				AA4DB62423E3BBC80057100A /* Products */,
			);
			sourceTree = "<group>";
		};
		AA4DB62423E3BBC80057100A /* Products */ = {
			isa = PBXGroup;
			children = (
				AA4DB62323E3BBC80057100A /* emoji eggplant challenge.app */,
				AA4DB63E23E3BBCA0057100A /* emoji eggplant challengeTests.xctest */,
				AA4DB64923E3BBCB0057100A /* emoji eggplant challengeUITests.xctest */,
			);
			name = Products;
			sourceTree = "<group>";
		};
		AA4DB62523E3BBC80057100A /* emoji eggplant challenge */ = {
			isa = PBXGroup;
			children = (
				AA58BE2B23E777F700624897 /* Detail Page */,
				AA58BD5223E76FF400624897 /* External */,
				AA4DB66323E652190057100A /* DataService */,
				AA4DB65F23E650160057100A /* Models */,
				AA4DB65B23E3DB940057100A /* Main Page */,
				AA4DB62623E3BBC80057100A /* AppDelegate.h */,
				AA4DB62723E3BBC80057100A /* AppDelegate.m */,
				AA4DB62923E3BBC80057100A /* SceneDelegate.h */,
				AA4DB62A23E3BBC80057100A /* SceneDelegate.m */,
				AA4DB62F23E3BBC80057100A /* Main.storyboard */,
				AA4DB63223E3BBCA0057100A /* Assets.xcassets */,
				AA58BE2923E7747D00624897 /* download.png */,
				AA4DB63423E3BBCA0057100A /* LaunchScreen.storyboard */,
				AA4DB63723E3BBCA0057100A /* Info.plist */,
				AA4DB63823E3BBCA0057100A /* main.m */,
			);
			path = "emoji eggplant challenge";
			sourceTree = "<group>";
		};
		AA4DB64123E3BBCA0057100A /* emoji eggplant challengeTests */ = {
			isa = PBXGroup;
			children = (
				AA4DB64223E3BBCA0057100A /* emoji_eggplant_challengeTests.m */,
				AA4DB64423E3BBCA0057100A /* Info.plist */,
			);
			path = "emoji eggplant challengeTests";
			sourceTree = "<group>";
		};
		AA4DB64C23E3BBCB0057100A /* emoji eggplant challengeUITests */ = {
			isa = PBXGroup;
			children = (
				AA4DB64D23E3BBCB0057100A /* emoji_eggplant_challengeUITests.m */,
				AA4DB64F23E3BBCB0057100A /* Info.plist */,
			);
			path = "emoji eggplant challengeUITests";
			sourceTree = "<group>";
		};
		AA4DB65B23E3DB940057100A /* Main Page */ = {
			isa = PBXGroup;
			children = (
				AA4DB62C23E3BBC80057100A /* ViewController.h */,
				AA4DB62D23E3BBC80057100A /* ViewController.m */,
				AA4DB65C23E3DBCA0057100A /* CocktailsTableViewCell.h */,
				AA4DB65D23E3DBCA0057100A /* CocktailsTableViewCell.m */,
			);
			path = "Main Page";
			sourceTree = "<group>";
		};
		AA4DB65F23E650160057100A /* Models */ = {
			isa = PBXGroup;
			children = (
				AA4DB66A23E66A410057100A /* Cocktail.h */,
				AA4DB66B23E66A410057100A /* Cocktail.m */,
				AA58BE2F23E78E2200624897 /* IngredientDetail.h */,
				AA58BE3023E78E2200624897 /* IngredientDetail.m */,
			);
			path = Models;
			sourceTree = "<group>";
		};
		AA4DB66323E652190057100A /* DataService */ = {
			isa = PBXGroup;
			children = (
				AA4DB66723E652760057100A /* DataService.h */,
				AA4DB66823E652760057100A /* DataService.m */,
			);
			path = DataService;
			sourceTree = "<group>";
		};
		AA58BD5223E76FF400624897 /* External */ = {
			isa = PBXGroup;
			children = (
				AA58BD5523E7710900624897 /* SDWebImage */,
			);
			path = External;
			sourceTree = "<group>";
		};
		AA58BD5523E7710900624897 /* SDWebImage */ = {
			isa = PBXGroup;
			children = (
				AA58BD5623E7710900624897 /* Core */,
				AA58BDC823E7710900624897 /* MapKit */,
				AA58BDCB23E7710900624897 /* Private */,
			);
			path = SDWebImage;
			sourceTree = "<group>";
		};
		AA58BD5623E7710900624897 /* Core */ = {
			isa = PBXGroup;
			children = (
				AA58BD5723E7710900624897 /* UIImage+ExtendedCacheData.h */,
				AA58BD5823E7710900624897 /* SDImageHEICCoder.m */,
				AA58BD5923E7710900624897 /* SDAnimatedImageRep.h */,
				AA58BD5A23E7710900624897 /* NSImage+Compatibility.m */,
				AA58BD5B23E7710900624897 /* SDDiskCache.h */,
				AA58BD5C23E7710900624897 /* SDAnimatedImageView+WebCache.m */,
				AA58BD5D23E7710900624897 /* SDImageIOCoder.h */,
				AA58BD5E23E7710900624897 /* SDImageCoder.m */,
				AA58BD5F23E7710900624897 /* NSButton+WebCache.h */,
				AA58BD6023E7710900624897 /* SDImageGraphics.h */,
				AA58BD6123E7710900624897 /* UIImageView+WebCache.h */,
				AA58BD6223E7710900624897 /* NSData+ImageContentType.h */,
				AA58BD6323E7710900624897 /* SDWebImageDownloaderDecryptor.m */,
				AA58BD6423E7710900624897 /* SDImageTransformer.h */,
				AA58BD6523E7710900624897 /* SDImageCachesManager.h */,
				AA58BD6623E7710900624897 /* SDWebImageTransition.h */,
				AA58BD6723E7710900624897 /* SDWebImageManager.m */,
				AA58BD6823E7710900624897 /* SDImageLoadersManager.h */,
				AA58BD6923E7710900624897 /* SDImageIOAnimatedCoder.m */,
				AA58BD6A23E7710900624897 /* SDWebImageDownloaderOperation.h */,
				AA58BD6B23E7710900624897 /* UIImageView+HighlightedWebCache.m */,
				AA58BD6C23E7710900624897 /* SDImageFrame.h */,
				AA58BD6D23E7710900624897 /* SDImageGIFCoder.h */,
				AA58BD6E23E7710900624897 /* SDImageCache.h */,
				AA58BD6F23E7710900624897 /* SDWebImageDownloaderConfig.h */,
				AA58BD7023E7710900624897 /* SDAnimatedImage.m */,
				AA58BD7123E7710900624897 /* SDAnimatedImageView.m */,
				AA58BD7223E7710900624897 /* UIImage+ForceDecode.m */,
				AA58BD7323E7710900624897 /* SDImageCacheConfig.h */,
				AA58BD7423E7710900624897 /* SDWebImageCacheKeyFilter.h */,
				AA58BD7523E7710900624897 /* SDAnimatedImagePlayer.m */,
				AA58BD7623E7710900624897 /* UIImage+Transform.m */,
				AA58BD7723E7710900624897 /* UIImage+MemoryCacheCost.h */,
				AA58BD7823E7710900624897 /* SDWebImageDownloader.m */,
				AA58BD7923E7710900624897 /* SDImageCacheDefine.h */,
				AA58BD7A23E7710900624897 /* SDImageLoader.m */,
				AA58BD7B23E7710900624897 /* SDWebImageCacheSerializer.m */,
				AA58BD7C23E7710900624897 /* SDWebImageIndicator.m */,
				AA58BD7D23E7710900624897 /* SDGraphicsImageRenderer.m */,
				AA58BD7E23E7710900624897 /* UIImage+GIF.m */,
				AA58BD7F23E7710900624897 /* SDImageCodersManager.m */,
				AA58BD8023E7710900624897 /* UIButton+WebCache.h */,
				AA58BD8123E7710900624897 /* SDWebImageDownloaderRequestModifier.h */,
				AA58BD8223E7710900624897 /* UIImage+MultiFormat.m */,
				AA58BD8323E7710900624897 /* SDMemoryCache.m */,
				AA58BD8423E7710900624897 /* UIImage+Metadata.h */,
				AA58BD8523E7710900624897 /* SDWebImageCompat.m */,
				AA58BD8623E7710900624897 /* SDImageAPNGCoder.m */,
				AA58BD8723E7710900624897 /* SDWebImageDownloaderResponseModifier.m */,
				AA58BD8823E7710900624897 /* SDWebImageError.m */,
				AA58BD8923E7710900624897 /* SDWebImagePrefetcher.m */,
				AA58BD8A23E7710900624897 /* SDImageCoderHelper.m */,
				AA58BD8B23E7710900624897 /* SDWebImageOptionsProcessor.h */,
				AA58BD8C23E7710900624897 /* UIView+WebCache.h */,
				AA58BD8D23E7710900624897 /* UIView+WebCacheOperation.h */,
				AA58BD8E23E7710900624897 /* SDWebImageDefine.h */,
				AA58BD8F23E7710900624897 /* NSButton+WebCache.m */,
				AA58BD9023E7710900624897 /* SDImageCoder.h */,
				AA58BD9123E7710900624897 /* SDImageIOCoder.m */,
				AA58BD9223E7710900624897 /* SDAnimatedImageView+WebCache.h */,
				AA58BD9323E7710900624897 /* SDDiskCache.m */,
				AA58BD9423E7710900624897 /* NSImage+Compatibility.h */,
				AA58BD9523E7710900624897 /* SDAnimatedImageRep.m */,
				AA58BD9623E7710900624897 /* SDImageHEICCoder.h */,
				AA58BD9723E7710900624897 /* UIImage+ExtendedCacheData.m */,
				AA58BD9823E7710900624897 /* SDAnimatedImageView.h */,
				AA58BD9923E7710900624897 /* SDWebImageDownloaderConfig.m */,
				AA58BD9A23E7710900624897 /* SDAnimatedImage.h */,
				AA58BD9B23E7710900624897 /* SDImageCache.m */,
				AA58BD9C23E7710900624897 /* SDImageGIFCoder.m */,
				AA58BD9D23E7710900624897 /* UIImageView+HighlightedWebCache.h */,
				AA58BD9E23E7710900624897 /* SDImageFrame.m */,
				AA58BD9F23E7710900624897 /* SDWebImageDownloaderOperation.m */,
				AA58BDA023E7710900624897 /* SDImageIOAnimatedCoder.h */,
				AA58BDA123E7710900624897 /* SDImageLoadersManager.m */,
				AA58BDA223E7710900624897 /* SDImageCachesManager.m */,
				AA58BDA323E7710900624897 /* SDWebImageTransition.m */,
				AA58BDA423E7710900624897 /* SDWebImageManager.h */,
				AA58BDA523E7710900624897 /* SDImageTransformer.m */,
				AA58BDA623E7710900624897 /* NSData+ImageContentType.m */,
				AA58BDA723E7710900624897 /* UIImageView+WebCache.m */,
				AA58BDA823E7710900624897 /* SDWebImageDownloaderDecryptor.h */,
				AA58BDA923E7710900624897 /* SDWebImageOperation.h */,
				AA58BDAA23E7710900624897 /* SDImageGraphics.m */,
				AA58BDAB23E7710900624897 /* SDGraphicsImageRenderer.h */,
				AA58BDAC23E7710900624897 /* SDWebImageIndicator.h */,
				AA58BDAD23E7710900624897 /* SDWebImageCacheSerializer.h */,
				AA58BDAE23E7710900624897 /* SDImageLoader.h */,
				AA58BDAF23E7710900624897 /* SDImageCacheDefine.m */,
				AA58BDB023E7710900624897 /* SDWebImageDownloader.h */,
				AA58BDB123E7710900624897 /* UIImage+MemoryCacheCost.m */,
				AA58BDB223E7710900624897 /* UIImage+Transform.h */,
				AA58BDB323E7710900624897 /* SDAnimatedImagePlayer.h */,
				AA58BDB423E7710900624897 /* SDImageCacheConfig.m */,
				AA58BDB523E7710900624897 /* SDWebImageCacheKeyFilter.m */,
				AA58BDB623E7710900624897 /* UIImage+ForceDecode.h */,
				AA58BDB723E7710900624897 /* SDWebImageDefine.m */,
				AA58BDB823E7710900624897 /* SDImageCoderHelper.h */,
				AA58BDB923E7710900624897 /* SDWebImageOptionsProcessor.m */,
				AA58BDBA23E7710900624897 /* UIView+WebCacheOperation.m */,
				AA58BDBB23E7710900624897 /* UIView+WebCache.m */,
				AA58BDBC23E7710900624897 /* SDWebImagePrefetcher.h */,
				AA58BDBD23E7710900624897 /* SDWebImageDownloaderResponseModifier.h */,
				AA58BDBE23E7710900624897 /* SDImageAPNGCoder.h */,
				AA58BDBF23E7710900624897 /* SDWebImageError.h */,
				AA58BDC023E7710900624897 /* SDWebImageCompat.h */,
				AA58BDC123E7710900624897 /* SDMemoryCache.h */,
				AA58BDC223E7710900624897 /* UIImage+Metadata.m */,
				AA58BDC323E7710900624897 /* UIImage+MultiFormat.h */,
				AA58BDC423E7710900624897 /* UIButton+WebCache.m */,
				AA58BDC523E7710900624897 /* SDWebImageDownloaderRequestModifier.m */,
				AA58BDC623E7710900624897 /* SDImageCodersManager.h */,
				AA58BDC723E7710900624897 /* UIImage+GIF.h */,
			);
			path = Core;
			sourceTree = "<group>";
		};
		AA58BDC823E7710900624897 /* MapKit */ = {
			isa = PBXGroup;
			children = (
				AA58BDC923E7710900624897 /* MKAnnotationView+WebCache.m */,
				AA58BDCA23E7710900624897 /* MKAnnotationView+WebCache.h */,
			);
			path = MapKit;
			sourceTree = "<group>";
		};
		AA58BDCB23E7710900624897 /* Private */ = {
			isa = PBXGroup;
			children = (
				AA58BDCC23E7710900624897 /* SDDeviceHelper.h */,
				AA58BDCD23E7710900624897 /* SDWeakProxy.h */,
				AA58BDCE23E7710900624897 /* SDImageCachesManagerOperation.m */,
				AA58BDCF23E7710900624897 /* SDFileAttributeHelper.h */,
				AA58BDD023E7710900624897 /* SDInternalMacros.h */,
				AA58BDD123E7710900624897 /* NSBezierPath+RoundedCorners.h */,
				AA58BDD223E7710900624897 /* SDImageAssetManager.m */,
				AA58BDD323E7710900624897 /* SDAsyncBlockOperation.h */,
				AA58BDD423E7710900624897 /* SDDisplayLink.h */,
				AA58BDD523E7710900624897 /* UIColor+HexString.h */,
				AA58BDD623E7710900624897 /* SDAssociatedObject.h */,
				AA58BDD723E7710900624897 /* SDmetamacros.h */,
				AA58BDD823E7710900624897 /* SDImageHEICCoderInternal.h */,
				AA58BDD923E7710900624897 /* SDImageIOAnimatedCoderInternal.h */,
				AA58BDDA23E7710900624897 /* SDDeviceHelper.m */,
				AA58BDDB23E7710900624897 /* SDWeakProxy.m */,
				AA58BDDC23E7710900624897 /* SDInternalMacros.m */,
				AA58BDDD23E7710900624897 /* SDFileAttributeHelper.m */,
				AA58BDDE23E7710900624897 /* SDImageCachesManagerOperation.h */,
				AA58BDDF23E7710900624897 /* SDDisplayLink.m */,
				AA58BDE023E7710900624897 /* SDImageAssetManager.h */,
				AA58BDE123E7710900624897 /* SDAsyncBlockOperation.m */,
				AA58BDE223E7710900624897 /* NSBezierPath+RoundedCorners.m */,
				AA58BDE323E7710900624897 /* UIColor+HexString.m */,
				AA58BDE423E7710900624897 /* SDAssociatedObject.m */,
			);
			path = Private;
			sourceTree = "<group>";
		};
		AA58BE2B23E777F700624897 /* Detail Page */ = {
			isa = PBXGroup;
			children = (
				AA58BE2C23E7782C00624897 /* CocktailDetailViewController.h */,
				AA58BE2D23E7782C00624897 /* CocktailDetailViewController.m */,
			);
			path = "Detail Page";
			sourceTree = "<group>";
		};
/* End PBXGroup section */

/* Begin PBXNativeTarget section */
		AA4DB62223E3BBC80057100A /* emoji eggplant challenge */ = {
			isa = PBXNativeTarget;
			buildConfigurationList = AA4DB65223E3BBCB0057100A /* Build configuration list for PBXNativeTarget "emoji eggplant challenge" */;
			buildPhases = (
				AA4DB61F23E3BBC80057100A /* Sources */,
				AA4DB62023E3BBC80057100A /* Frameworks */,
				AA4DB62123E3BBC80057100A /* Resources */,
			);
			buildRules = (
			);
			dependencies = (
			);
			name = "emoji eggplant challenge";
			productName = "emoji eggplant challenge";
			productReference = AA4DB62323E3BBC80057100A /* emoji eggplant challenge.app */;
			productType = "com.apple.product-type.application";
		};
		AA4DB63D23E3BBCA0057100A /* emoji eggplant challengeTests */ = {
			isa = PBXNativeTarget;
			buildConfigurationList = AA4DB65523E3BBCB0057100A /* Build configuration list for PBXNativeTarget "emoji eggplant challengeTests" */;
			buildPhases = (
				AA4DB63A23E3BBCA0057100A /* Sources */,
				AA4DB63B23E3BBCA0057100A /* Frameworks */,
				AA4DB63C23E3BBCA0057100A /* Resources */,
			);
			buildRules = (
			);
			dependencies = (
				AA4DB64023E3BBCA0057100A /* PBXTargetDependency */,
			);
			name = "emoji eggplant challengeTests";
			productName = "emoji eggplant challengeTests";
			productReference = AA4DB63E23E3BBCA0057100A /* emoji eggplant challengeTests.xctest */;
			productType = "com.apple.product-type.bundle.unit-test";
		};
		AA4DB64823E3BBCB0057100A /* emoji eggplant challengeUITests */ = {
			isa = PBXNativeTarget;
			buildConfigurationList = AA4DB65823E3BBCB0057100A /* Build configuration list for PBXNativeTarget "emoji eggplant challengeUITests" */;
			buildPhases = (
				AA4DB64523E3BBCB0057100A /* Sources */,
				AA4DB64623E3BBCB0057100A /* Frameworks */,
				AA4DB64723E3BBCB0057100A /* Resources */,
			);
			buildRules = (
			);
			dependencies = (
				AA4DB64B23E3BBCB0057100A /* PBXTargetDependency */,
			);
			name = "emoji eggplant challengeUITests";
			productName = "emoji eggplant challengeUITests";
			productReference = AA4DB64923E3BBCB0057100A /* emoji eggplant challengeUITests.xctest */;
			productType = "com.apple.product-type.bundle.ui-testing";
		};
/* End PBXNativeTarget section */

/* Begin PBXProject section */
		AA4DB61B23E3BBC80057100A /* Project object */ = {
			isa = PBXProject;
			attributes = {
				LastUpgradeCheck = 1120;
				ORGANIZATIONNAME = "RAN ZHANG";
				TargetAttributes = {
					AA4DB62223E3BBC80057100A = {
						CreatedOnToolsVersion = 11.2.1;
					};
					AA4DB63D23E3BBCA0057100A = {
						CreatedOnToolsVersion = 11.2.1;
						TestTargetID = AA4DB62223E3BBC80057100A;
					};
					AA4DB64823E3BBCB0057100A = {
						CreatedOnToolsVersion = 11.2.1;
						TestTargetID = AA4DB62223E3BBC80057100A;
					};
				};
			};
			buildConfigurationList = AA4DB61E23E3BBC80057100A /* Build configuration list for PBXProject "emoji eggplant challenge" */;
			compatibilityVersion = "Xcode 9.3";
			developmentRegion = en;
			hasScannedForEncodings = 0;
			knownRegions = (
				en,
				Base,
			);
			mainGroup = AA4DB61A23E3BBC80057100A;
			productRefGroup = AA4DB62423E3BBC80057100A /* Products */;
			projectDirPath = "";
			projectRoot = "";
			targets = (
				AA4DB62223E3BBC80057100A /* emoji eggplant challenge */,
				AA4DB63D23E3BBCA0057100A /* emoji eggplant challengeTests */,
				AA4DB64823E3BBCB0057100A /* emoji eggplant challengeUITests */,
			);
		};
/* End PBXProject section */

/* Begin PBXResourcesBuildPhase section */
		AA4DB62123E3BBC80057100A /* Resources */ = {
			isa = PBXResourcesBuildPhase;
			buildActionMask = 2147483647;
			files = (
				AA4DB63623E3BBCA0057100A /* LaunchScreen.storyboard in Resources */,
				AA4DB63323E3BBCA0057100A /* Assets.xcassets in Resources */,
				AA4DB63123E3BBC80057100A /* Main.storyboard in Resources */,
				AA58BE2A23E7747D00624897 /* download.png in Resources */,
			);
			runOnlyForDeploymentPostprocessing = 0;
		};
		AA4DB63C23E3BBCA0057100A /* Resources */ = {
			isa = PBXResourcesBuildPhase;
			buildActionMask = 2147483647;
			files = (
			);
			runOnlyForDeploymentPostprocessing = 0;
		};
		AA4DB64723E3BBCB0057100A /* Resources */ = {
			isa = PBXResourcesBuildPhase;
			buildActionMask = 2147483647;
			files = (
			);
			runOnlyForDeploymentPostprocessing = 0;
		};
/* End PBXResourcesBuildPhase section */

/* Begin PBXSourcesBuildPhase section */
		AA4DB61F23E3BBC80057100A /* Sources */ = {
			isa = PBXSourcesBuildPhase;
			buildActionMask = 2147483647;
			files = (
				AA58BE1423E7710900624897 /* SDImageCacheConfig.m in Sources */,
				AA58BE0323E7710900624897 /* SDDiskCache.m in Sources */,
				AA58BE1223E7710900624897 /* SDImageCacheDefine.m in Sources */,
				AA58BDF723E7710900624897 /* UIImage+GIF.m in Sources */,
				AA58BDE723E7710900624897 /* SDAnimatedImageView+WebCache.m in Sources */,
				AA58BDEF23E7710900624897 /* UIImage+ForceDecode.m in Sources */,
				AA58BE0D23E7710900624897 /* SDWebImageTransition.m in Sources */,
				AA58BDF123E7710900624897 /* UIImage+Transform.m in Sources */,
				AA58BE2823E7710900624897 /* SDAssociatedObject.m in Sources */,
				AA58BE1A23E7710900624897 /* UIImage+Metadata.m in Sources */,
				AA4DB62E23E3BBC80057100A /* ViewController.m in Sources */,
				AA58BE0A23E7710900624897 /* SDWebImageDownloaderOperation.m in Sources */,
				AA58BE2323E7710900624897 /* SDFileAttributeHelper.m in Sources */,
				AA58BE0023E7710900624897 /* SDImageCoderHelper.m in Sources */,
				AA58BDF423E7710900624897 /* SDWebImageCacheSerializer.m in Sources */,
				AA58BDFD23E7710900624897 /* SDWebImageDownloaderResponseModifier.m in Sources */,
				AA58BE3123E78E2200624897 /* IngredientDetail.m in Sources */,
				AA58BE1323E7710900624897 /* UIImage+MemoryCacheCost.m in Sources */,
				AA58BE2E23E7782C00624897 /* CocktailDetailViewController.m in Sources */,
				AA58BE2723E7710900624897 /* UIColor+HexString.m in Sources */,
				AA58BE2223E7710900624897 /* SDInternalMacros.m in Sources */,
				AA58BE0523E7710900624897 /* UIImage+ExtendedCacheData.m in Sources */,
				AA58BDFF23E7710900624897 /* SDWebImagePrefetcher.m in Sources */,
				AA4DB66923E652760057100A /* DataService.m in Sources */,
				AA58BDFB23E7710900624897 /* SDWebImageCompat.m in Sources */,
				AA58BE0723E7710900624897 /* SDImageCache.m in Sources */,
				AA58BDEC23E7710900624897 /* UIImageView+HighlightedWebCache.m in Sources */,
				AA4DB62823E3BBC80057100A /* AppDelegate.m in Sources */,
				AA58BDF323E7710900624897 /* SDImageLoader.m in Sources */,
				AA4DB63923E3BBCA0057100A /* main.m in Sources */,
				AA58BE0F23E7710900624897 /* NSData+ImageContentType.m in Sources */,
				AA58BE2523E7710900624897 /* SDAsyncBlockOperation.m in Sources */,
				AA58BDEA23E7710900624897 /* SDWebImageManager.m in Sources */,
				AA58BDF623E7710900624897 /* SDGraphicsImageRenderer.m in Sources */,
				AA58BE1923E7710900624897 /* UIView+WebCache.m in Sources */,
				AA58BDEE23E7710900624897 /* SDAnimatedImageView.m in Sources */,
				AA58BE0823E7710900624897 /* SDImageGIFCoder.m in Sources */,
				AA58BE0923E7710900624897 /* SDImageFrame.m in Sources */,
				AA58BDFA23E7710900624897 /* SDMemoryCache.m in Sources */,
				AA58BDE923E7710900624897 /* SDWebImageDownloaderDecryptor.m in Sources */,
				AA58BE1F23E7710900624897 /* SDImageAssetManager.m in Sources */,
				AA58BE1D23E7710900624897 /* MKAnnotationView+WebCache.m in Sources */,
				AA58BDEB23E7710900624897 /* SDImageIOAnimatedCoder.m in Sources */,
				AA58BE0B23E7710900624897 /* SDImageLoadersManager.m in Sources */,
				AA58BE0423E7710900624897 /* SDAnimatedImageRep.m in Sources */,
				AA58BE1123E7710900624897 /* SDImageGraphics.m in Sources */,
				AA58BE0223E7710900624897 /* SDImageIOCoder.m in Sources */,
				AA58BE0623E7710900624897 /* SDWebImageDownloaderConfig.m in Sources */,
				AA58BDED23E7710900624897 /* SDAnimatedImage.m in Sources */,
				AA4DB65E23E3DBCA0057100A /* CocktailsTableViewCell.m in Sources */,
				AA58BDF823E7710900624897 /* SDImageCodersManager.m in Sources */,
				AA58BE2423E7710900624897 /* SDDisplayLink.m in Sources */,
				AA58BE1623E7710900624897 /* SDWebImageDefine.m in Sources */,
				AA58BE1B23E7710900624897 /* UIButton+WebCache.m in Sources */,
				AA58BE1523E7710900624897 /* SDWebImageCacheKeyFilter.m in Sources */,
				AA58BDE623E7710900624897 /* NSImage+Compatibility.m in Sources */,
				AA58BDE823E7710900624897 /* SDImageCoder.m in Sources */,
				AA58BE1023E7710900624897 /* UIImageView+WebCache.m in Sources */,
				AA58BDFE23E7710900624897 /* SDWebImageError.m in Sources */,
				AA58BDE523E7710900624897 /* SDImageHEICCoder.m in Sources */,
				AA58BE2023E7710900624897 /* SDDeviceHelper.m in Sources */,
				AA58BE2123E7710900624897 /* SDWeakProxy.m in Sources */,
				AA58BE1E23E7710900624897 /* SDImageCachesManagerOperation.m in Sources */,
				AA58BE0123E7710900624897 /* NSButton+WebCache.m in Sources */,
				AA58BE1823E7710900624897 /* UIView+WebCacheOperation.m in Sources */,
				AA58BE1C23E7710900624897 /* SDWebImageDownloaderRequestModifier.m in Sources */,
				AA4DB62B23E3BBC80057100A /* SceneDelegate.m in Sources */,
				AA4DB66C23E66A410057100A /* Cocktail.m in Sources */,
				AA58BDF923E7710900624897 /* UIImage+MultiFormat.m in Sources */,
				AA58BDF523E7710900624897 /* SDWebImageIndicator.m in Sources */,
				AA58BE0C23E7710900624897 /* SDImageCachesManager.m in Sources */,
				AA58BDF223E7710900624897 /* SDWebImageDownloader.m in Sources */,
				AA58BDF023E7710900624897 /* SDAnimatedImagePlayer.m in Sources */,
				AA58BE2623E7710900624897 /* NSBezierPath+RoundedCorners.m in Sources */,
				AA58BE0E23E7710900624897 /* SDImageTransformer.m in Sources */,
				AA58BDFC23E7710900624897 /* SDImageAPNGCoder.m in Sources */,
				AA58BE1723E7710900624897 /* SDWebImageOptionsProcessor.m in Sources */,
			);
			runOnlyForDeploymentPostprocessing = 0;
		};
		AA4DB63A23E3BBCA0057100A /* Sources */ = {
			isa = PBXSourcesBuildPhase;
			buildActionMask = 2147483647;
			files = (
				AA4DB64323E3BBCA0057100A /* emoji_eggplant_challengeTests.m in Sources */,
			);
			runOnlyForDeploymentPostprocessing = 0;
		};
		AA4DB64523E3BBCB0057100A /* Sources */ = {
			isa = PBXSourcesBuildPhase;
			buildActionMask = 2147483647;
			files = (
				AA4DB64E23E3BBCB0057100A /* emoji_eggplant_challengeUITests.m in Sources */,
			);
			runOnlyForDeploymentPostprocessing = 0;
		};
/* End PBXSourcesBuildPhase section */

/* Begin PBXTargetDependency section */
		AA4DB64023E3BBCA0057100A /* PBXTargetDependency */ = {
			isa = PBXTargetDependency;
			target = AA4DB62223E3BBC80057100A /* emoji eggplant challenge */;
			targetProxy = AA4DB63F23E3BBCA0057100A /* PBXContainerItemProxy */;
		};
		AA4DB64B23E3BBCB0057100A /* PBXTargetDependency */ = {
			isa = PBXTargetDependency;
			target = AA4DB62223E3BBC80057100A /* emoji eggplant challenge */;
			targetProxy = AA4DB64A23E3BBCB0057100A /* PBXContainerItemProxy */;
		};
/* End PBXTargetDependency section */

/* Begin PBXVariantGroup section */
		AA4DB62F23E3BBC80057100A /* Main.storyboard */ = {
			isa = PBXVariantGroup;
			children = (
				AA4DB63023E3BBC80057100A /* Base */,
			);
			name = Main.storyboard;
			sourceTree = "<group>";
		};
		AA4DB63423E3BBCA0057100A /* LaunchScreen.storyboard */ = {
			isa = PBXVariantGroup;
			children = (
				AA4DB63523E3BBCA0057100A /* Base */,
			);
			name = LaunchScreen.storyboard;
			sourceTree = "<group>";
		};
/* End PBXVariantGroup section */

/* Begin XCBuildConfiguration section */
		AA4DB65023E3BBCB0057100A /* Debug */ = {
			isa = XCBuildConfiguration;
			buildSettings = {
				ALWAYS_SEARCH_USER_PATHS = NO;
				CLANG_ANALYZER_NONNULL = YES;
				CLANG_ANALYZER_NUMBER_OBJECT_CONVERSION = YES_AGGRESSIVE;
				CLANG_CXX_LANGUAGE_STANDARD = "gnu++14";
				CLANG_CXX_LIBRARY = "libc++";
				CLANG_ENABLE_MODULES = YES;
				CLANG_ENABLE_OBJC_ARC = YES;
				CLANG_ENABLE_OBJC_WEAK = YES;
				CLANG_WARN_BLOCK_CAPTURE_AUTORELEASING = YES;
				CLANG_WARN_BOOL_CONVERSION = YES;
				CLANG_WARN_COMMA = YES;
				CLANG_WARN_CONSTANT_CONVERSION = YES;
				CLANG_WARN_DEPRECATED_OBJC_IMPLEMENTATIONS = YES;
				CLANG_WARN_DIRECT_OBJC_ISA_USAGE = YES_ERROR;
				CLANG_WARN_DOCUMENTATION_COMMENTS = YES;
				CLANG_WARN_EMPTY_BODY = YES;
				CLANG_WARN_ENUM_CONVERSION = YES;
				CLANG_WARN_INFINITE_RECURSION = YES;
				CLANG_WARN_INT_CONVERSION = YES;
				CLANG_WARN_NON_LITERAL_NULL_CONVERSION = YES;
				CLANG_WARN_OBJC_IMPLICIT_RETAIN_SELF = YES;
				CLANG_WARN_OBJC_LITERAL_CONVERSION = YES;
				CLANG_WARN_OBJC_ROOT_CLASS = YES_ERROR;
				CLANG_WARN_RANGE_LOOP_ANALYSIS = YES;
				CLANG_WARN_STRICT_PROTOTYPES = YES;
				CLANG_WARN_SUSPICIOUS_MOVE = YES;
				CLANG_WARN_UNGUARDED_AVAILABILITY = YES_AGGRESSIVE;
				CLANG_WARN_UNREACHABLE_CODE = YES;
				CLANG_WARN__DUPLICATE_METHOD_MATCH = YES;
				COPY_PHASE_STRIP = NO;
				DEBUG_INFORMATION_FORMAT = dwarf;
				ENABLE_STRICT_OBJC_MSGSEND = YES;
				ENABLE_TESTABILITY = YES;
				GCC_C_LANGUAGE_STANDARD = gnu11;
				GCC_DYNAMIC_NO_PIC = NO;
				GCC_NO_COMMON_BLOCKS = YES;
				GCC_OPTIMIZATION_LEVEL = 0;
				GCC_PREPROCESSOR_DEFINITIONS = (
					"DEBUG=1",
					"$(inherited)",
				);
				GCC_WARN_64_TO_32_BIT_CONVERSION = YES;
				GCC_WARN_ABOUT_RETURN_TYPE = YES_ERROR;
				GCC_WARN_UNDECLARED_SELECTOR = YES;
				GCC_WARN_UNINITIALIZED_AUTOS = YES_AGGRESSIVE;
				GCC_WARN_UNUSED_FUNCTION = YES;
				GCC_WARN_UNUSED_VARIABLE = YES;
				IPHONEOS_DEPLOYMENT_TARGET = 13.2;
				MTL_ENABLE_DEBUG_INFO = INCLUDE_SOURCE;
				MTL_FAST_MATH = YES;
				ONLY_ACTIVE_ARCH = YES;
				SDKROOT = iphoneos;
			};
			name = Debug;
		};
		AA4DB65123E3BBCB0057100A /* Release */ = {
			isa = XCBuildConfiguration;
			buildSettings = {
				ALWAYS_SEARCH_USER_PATHS = NO;
				CLANG_ANALYZER_NONNULL = YES;
				CLANG_ANALYZER_NUMBER_OBJECT_CONVERSION = YES_AGGRESSIVE;
				CLANG_CXX_LANGUAGE_STANDARD = "gnu++14";
				CLANG_CXX_LIBRARY = "libc++";
				CLANG_ENABLE_MODULES = YES;
				CLANG_ENABLE_OBJC_ARC = YES;
				CLANG_ENABLE_OBJC_WEAK = YES;
				CLANG_WARN_BLOCK_CAPTURE_AUTORELEASING = YES;
				CLANG_WARN_BOOL_CONVERSION = YES;
				CLANG_WARN_COMMA = YES;
				CLANG_WARN_CONSTANT_CONVERSION = YES;
				CLANG_WARN_DEPRECATED_OBJC_IMPLEMENTATIONS = YES;
				CLANG_WARN_DIRECT_OBJC_ISA_USAGE = YES_ERROR;
				CLANG_WARN_DOCUMENTATION_COMMENTS = YES;
				CLANG_WARN_EMPTY_BODY = YES;
				CLANG_WARN_ENUM_CONVERSION = YES;
				CLANG_WARN_INFINITE_RECURSION = YES;
				CLANG_WARN_INT_CONVERSION = YES;
				CLANG_WARN_NON_LITERAL_NULL_CONVERSION = YES;
				CLANG_WARN_OBJC_IMPLICIT_RETAIN_SELF = YES;
				CLANG_WARN_OBJC_LITERAL_CONVERSION = YES;
				CLANG_WARN_OBJC_ROOT_CLASS = YES_ERROR;
				CLANG_WARN_RANGE_LOOP_ANALYSIS = YES;
				CLANG_WARN_STRICT_PROTOTYPES = YES;
				CLANG_WARN_SUSPICIOUS_MOVE = YES;
				CLANG_WARN_UNGUARDED_AVAILABILITY = YES_AGGRESSIVE;
				CLANG_WARN_UNREACHABLE_CODE = YES;
				CLANG_WARN__DUPLICATE_METHOD_MATCH = YES;
				COPY_PHASE_STRIP = NO;
				DEBUG_INFORMATION_FORMAT = "dwarf-with-dsym";
				ENABLE_NS_ASSERTIONS = NO;
				ENABLE_STRICT_OBJC_MSGSEND = YES;
				GCC_C_LANGUAGE_STANDARD = gnu11;
				GCC_NO_COMMON_BLOCKS = YES;
				GCC_WARN_64_TO_32_BIT_CONVERSION = YES;
				GCC_WARN_ABOUT_RETURN_TYPE = YES_ERROR;
				GCC_WARN_UNDECLARED_SELECTOR = YES;
				GCC_WARN_UNINITIALIZED_AUTOS = YES_AGGRESSIVE;
				GCC_WARN_UNUSED_FUNCTION = YES;
				GCC_WARN_UNUSED_VARIABLE = YES;
				IPHONEOS_DEPLOYMENT_TARGET = 13.2;
				MTL_ENABLE_DEBUG_INFO = NO;
				MTL_FAST_MATH = YES;
				SDKROOT = iphoneos;
				VALIDATE_PRODUCT = YES;
			};
			name = Release;
		};
		AA4DB65323E3BBCB0057100A /* Debug */ = {
			isa = XCBuildConfiguration;
			buildSettings = {
				ASSETCATALOG_COMPILER_APPICON_NAME = AppIcon;
				CODE_SIGN_STYLE = Automatic;
				DEVELOPMENT_TEAM = HSGS8ZX558;
				INFOPLIST_FILE = "emoji eggplant challenge/Info.plist";
				LD_RUNPATH_SEARCH_PATHS = (
					"$(inherited)",
					"@executable_path/Frameworks",
				);
				PRODUCT_BUNDLE_IDENTIFIER = "test.emoji-eggplant-challenge";
				PRODUCT_NAME = "$(TARGET_NAME)";
				TARGETED_DEVICE_FAMILY = "1,2";
			};
			name = Debug;
		};
		AA4DB65423E3BBCB0057100A /* Release */ = {
			isa = XCBuildConfiguration;
			buildSettings = {
				ASSETCATALOG_COMPILER_APPICON_NAME = AppIcon;
				CODE_SIGN_STYLE = Automatic;
				DEVELOPMENT_TEAM = HSGS8ZX558;
				INFOPLIST_FILE = "emoji eggplant challenge/Info.plist";
				LD_RUNPATH_SEARCH_PATHS = (
					"$(inherited)",
					"@executable_path/Frameworks",
				);
				PRODUCT_BUNDLE_IDENTIFIER = "test.emoji-eggplant-challenge";
				PRODUCT_NAME = "$(TARGET_NAME)";
				TARGETED_DEVICE_FAMILY = "1,2";
			};
			name = Release;
		};
		AA4DB65623E3BBCB0057100A /* Debug */ = {
			isa = XCBuildConfiguration;
			buildSettings = {
				BUNDLE_LOADER = "$(TEST_HOST)";
				CODE_SIGN_STYLE = Automatic;
				DEVELOPMENT_TEAM = HSGS8ZX558;
				INFOPLIST_FILE = "emoji eggplant challengeTests/Info.plist";
				IPHONEOS_DEPLOYMENT_TARGET = 13.2;
				LD_RUNPATH_SEARCH_PATHS = (
					"$(inherited)",
					"@executable_path/Frameworks",
					"@loader_path/Frameworks",
				);
				PRODUCT_BUNDLE_IDENTIFIER = "test.emoji-eggplant-challengeTests";
				PRODUCT_NAME = "$(TARGET_NAME)";
				TARGETED_DEVICE_FAMILY = "1,2";
				TEST_HOST = "$(BUILT_PRODUCTS_DIR)/emoji eggplant challenge.app/emoji eggplant challenge";
			};
			name = Debug;
		};
		AA4DB65723E3BBCB0057100A /* Release */ = {
			isa = XCBuildConfiguration;
			buildSettings = {
				BUNDLE_LOADER = "$(TEST_HOST)";
				CODE_SIGN_STYLE = Automatic;
				DEVELOPMENT_TEAM = HSGS8ZX558;
				INFOPLIST_FILE = "emoji eggplant challengeTests/Info.plist";
				IPHONEOS_DEPLOYMENT_TARGET = 13.2;
				LD_RUNPATH_SEARCH_PATHS = (
					"$(inherited)",
					"@executable_path/Frameworks",
					"@loader_path/Frameworks",
				);
				PRODUCT_BUNDLE_IDENTIFIER = "test.emoji-eggplant-challengeTests";
				PRODUCT_NAME = "$(TARGET_NAME)";
				TARGETED_DEVICE_FAMILY = "1,2";
				TEST_HOST = "$(BUILT_PRODUCTS_DIR)/emoji eggplant challenge.app/emoji eggplant challenge";
			};
			name = Release;
		};
		AA4DB65923E3BBCB0057100A /* Debug */ = {
			isa = XCBuildConfiguration;
			buildSettings = {
				CODE_SIGN_STYLE = Automatic;
				DEVELOPMENT_TEAM = HSGS8ZX558;
				INFOPLIST_FILE = "emoji eggplant challengeUITests/Info.plist";
				LD_RUNPATH_SEARCH_PATHS = (
					"$(inherited)",
					"@executable_path/Frameworks",
					"@loader_path/Frameworks",
				);
				PRODUCT_BUNDLE_IDENTIFIER = "test.emoji-eggplant-challengeUITests";
				PRODUCT_NAME = "$(TARGET_NAME)";
				TARGETED_DEVICE_FAMILY = "1,2";
				TEST_TARGET_NAME = "emoji eggplant challenge";
			};
			name = Debug;
		};
		AA4DB65A23E3BBCB0057100A /* Release */ = {
			isa = XCBuildConfiguration;
			buildSettings = {
				CODE_SIGN_STYLE = Automatic;
				DEVELOPMENT_TEAM = HSGS8ZX558;
				INFOPLIST_FILE = "emoji eggplant challengeUITests/Info.plist";
				LD_RUNPATH_SEARCH_PATHS = (
					"$(inherited)",
					"@executable_path/Frameworks",
					"@loader_path/Frameworks",
				);
				PRODUCT_BUNDLE_IDENTIFIER = "test.emoji-eggplant-challengeUITests";
				PRODUCT_NAME = "$(TARGET_NAME)";
				TARGETED_DEVICE_FAMILY = "1,2";
				TEST_TARGET_NAME = "emoji eggplant challenge";
			};
			name = Release;
		};
/* End XCBuildConfiguration section */

/* Begin XCConfigurationList section */
		AA4DB61E23E3BBC80057100A /* Build configuration list for PBXProject "emoji eggplant challenge" */ = {
			isa = XCConfigurationList;
			buildConfigurations = (
				AA4DB65023E3BBCB0057100A /* Debug */,
				AA4DB65123E3BBCB0057100A /* Release */,
			);
			defaultConfigurationIsVisible = 0;
			defaultConfigurationName = Release;
		};
		AA4DB65223E3BBCB0057100A /* Build configuration list for PBXNativeTarget "emoji eggplant challenge" */ = {
			isa = XCConfigurationList;
			buildConfigurations = (
				AA4DB65323E3BBCB0057100A /* Debug */,
				AA4DB65423E3BBCB0057100A /* Release */,
			);
			defaultConfigurationIsVisible = 0;
			defaultConfigurationName = Release;
		};
		AA4DB65523E3BBCB0057100A /* Build configuration list for PBXNativeTarget "emoji eggplant challengeTests" */ = {
			isa = XCConfigurationList;
			buildConfigurations = (
				AA4DB65623E3BBCB0057100A /* Debug */,
				AA4DB65723E3BBCB0057100A /* Release */,
			);
			defaultConfigurationIsVisible = 0;
			defaultConfigurationName = Release;
		};
		AA4DB65823E3BBCB0057100A /* Build configuration list for PBXNativeTarget "emoji eggplant challengeUITests" */ = {
			isa = XCConfigurationList;
			buildConfigurations = (
				AA4DB65923E3BBCB0057100A /* Debug */,
				AA4DB65A23E3BBCB0057100A /* Release */,
			);
			defaultConfigurationIsVisible = 0;
			defaultConfigurationName = Release;
		};
/* End XCConfigurationList section */
	};
	rootObject = AA4DB61B23E3BBC80057100A /* Project object */;
}
